
Microsoft Visual Studio Solution File, Format Version 9.00
# Visual Studio 2005
Project("{2150E333-8FDC-42A3-9474-1A3956D46DE8}") = "engine", "engine", "{F6E84DA3-5EDE-4627-B6A8-40EE2A560DE8}"
EndProject
Project("{8BC9CEB8-8B4A-11D0-8D11-00A0C91BC942}") = "core", "engine\core\core.vcproj", "{A1CA0B2D-E3E6-4AD8-8A36-2AB2B845BBD9}"
EndProject
Project("{8BC9CEB8-8B4A-11D0-8D11-00A0C91BC942}") = "resource", "engine\resource\resource.vcproj", "{AC7B9B03-E31F-447E-AFF1-C1D563F1B4C3}"
	ProjectSection(ProjectDependencies) = postProject
		{A1CA0B2D-E3E6-4AD8-8A36-2AB2B845BBD9} = {A1CA0B2D-E3E6-4AD8-8A36-2AB2B845BBD9}
		{D58E7139-C640-4922-92F9-3EBA1169CCC9} = {D58E7139-C640-4922-92F9-3EBA1169CCC9}
		{D58E7139-C640-4922-92F9-3EBA1169CCC9} = {D58E7139-C640-4922-92F9-3EBA1169CCC9}
	EndProjectSection
EndProject
Project("{8BC9CEB8-8B4A-11D0-8D11-00A0C91BC942}") = "algorithms", "engine\algorithms\algorithms.vcproj", "{42223C13-798C-42C4-80F2-DB4138AF75E4}"
EndProject
Project("{8BC9CEB8-8B4A-11D0-8D11-00A0C91BC942}") = "threading", "engine\threading\threading.vcproj", "{D58E7139-C640-4922-92F9-3EBA1169CCC9}"
EndProject
Project("{8BC9CEB8-8B4A-11D0-8D11-00A0C91BC942}") = "graphics", "engine\graphics\graphics.vcproj", "{B014CED8-2A65-4026-9AFC-12EF15AA8A63}"
	ProjectSection(ProjectDependencies) = postProject
		{6C6A3C30-B68C-49BE-9C4B-1FDF90822C75} = {6C6A3C30-B68C-49BE-9C4B-1FDF90822C75}
	EndProjectSection
EndProject
Project("{2150E333-8FDC-42A3-9474-1A3956D46DE8}") = "enginewrappers", "enginewrappers", "{BC620A1B-25A6-43C1-BC3B-B63C6E94F3A3}"
EndProject
Project("{8BC9CEB8-8B4A-11D0-8D11-00A0C91BC942}") = "resource", "enginewrappers\resource\resource.vcproj", "{5C6694ED-27C6-43B2-9B27-9FDB2FD6F0C3}"
	ProjectSection(ProjectDependencies) = postProject
		{AC7B9B03-E31F-447E-AFF1-C1D563F1B4C3} = {AC7B9B03-E31F-447E-AFF1-C1D563F1B4C3}
		{42223C13-798C-42C4-80F2-DB4138AF75E4} = {42223C13-798C-42C4-80F2-DB4138AF75E4}
		{AC7B9B03-E31F-447E-AFF1-C1D563F1B4C3} = {AC7B9B03-E31F-447E-AFF1-C1D563F1B4C3}
		{A1CA0B2D-E3E6-4AD8-8A36-2AB2B845BBD9} = {A1CA0B2D-E3E6-4AD8-8A36-2AB2B845BBD9}
		{D58E7139-C640-4922-92F9-3EBA1169CCC9} = {D58E7139-C640-4922-92F9-3EBA1169CCC9}
		{A1CA0B2D-E3E6-4AD8-8A36-2AB2B845BBD9} = {A1CA0B2D-E3E6-4AD8-8A36-2AB2B845BBD9}
		{D58E7139-C640-4922-92F9-3EBA1169CCC9} = {D58E7139-C640-4922-92F9-3EBA1169CCC9}
		{ACC927AE-155B-4900-A255-8AF0A411D904} = {ACC927AE-155B-4900-A255-8AF0A411D904}
	EndProjectSection
EndProject
Project("{FAE04EC0-301F-11D3-BF4B-00C04F79EFBC}") = "filetest", "enginewrappers\filetest\filetest.csproj", "{6408C77C-EB6E-4E93-AAE5-DABEBC685E86}"
EndProject
Project("{2150E333-8FDC-42A3-9474-1A3956D46DE8}") = "windows", "windows", "{E2455623-F241-4194-8A86-AD0B8F00E031}"
EndProject
Project("{8BC9CEB8-8B4A-11D0-8D11-00A0C91BC942}") = "core", "windows\core\core.vcproj", "{94598EC0-1668-4B47-AA8E-A1B1BE8E230B}"
EndProject
Project("{8BC9CEB8-8B4A-11D0-8D11-00A0C91BC942}") = "graphicstest", "windows\graphicstest\graphicstest.vcproj", "{81D5BEDE-31E7-4FCB-ADD0-6431DDF69737}"
	ProjectSection(ProjectDependencies) = postProject
		{A1CA0B2D-E3E6-4AD8-8A36-2AB2B845BBD9} = {A1CA0B2D-E3E6-4AD8-8A36-2AB2B845BBD9}
		{A1CA0B2D-E3E6-4AD8-8A36-2AB2B845BBD9} = {A1CA0B2D-E3E6-4AD8-8A36-2AB2B845BBD9}
		{6C6A3C30-B68C-49BE-9C4B-1FDF90822C75} = {6C6A3C30-B68C-49BE-9C4B-1FDF90822C75}
		{94598EC0-1668-4B47-AA8E-A1B1BE8E230B} = {94598EC0-1668-4B47-AA8E-A1B1BE8E230B}
		{B014CED8-2A65-4026-9AFC-12EF15AA8A63} = {B014CED8-2A65-4026-9AFC-12EF15AA8A63}
		{6C6A3C30-B68C-49BE-9C4B-1FDF90822C75} = {6C6A3C30-B68C-49BE-9C4B-1FDF90822C75}
		{94598EC0-1668-4B47-AA8E-A1B1BE8E230B} = {94598EC0-1668-4B47-AA8E-A1B1BE8E230B}
		{B014CED8-2A65-4026-9AFC-12EF15AA8A63} = {B014CED8-2A65-4026-9AFC-12EF15AA8A63}
	EndProjectSection
EndProject
Project("{8BC9CEB8-8B4A-11D0-8D11-00A0C91BC942}") = "math", "engine\math\math.vcproj", "{6C6A3C30-B68C-49BE-9C4B-1FDF90822C75}"
EndProject
Project("{8BC9CEB8-8B4A-11D0-8D11-00A0C91BC942}") = "graphics", "enginewrappers\graphics\graphics.vcproj", "{4B0519AF-D52A-45B0-AD31-2F77CC7D1F1D}"
	ProjectSection(ProjectDependencies) = postProject
		{A1CA0B2D-E3E6-4AD8-8A36-2AB2B845BBD9} = {A1CA0B2D-E3E6-4AD8-8A36-2AB2B845BBD9}
		{B014CED8-2A65-4026-9AFC-12EF15AA8A63} = {B014CED8-2A65-4026-9AFC-12EF15AA8A63}
		{B014CED8-2A65-4026-9AFC-12EF15AA8A63} = {B014CED8-2A65-4026-9AFC-12EF15AA8A63}
	EndProjectSection
EndProject
Project("{8BC9CEB8-8B4A-11D0-8D11-00A0C91BC942}") = "graphicscontrol", "enginewrappers\graphicscontrol\graphicscontrol.vcproj", "{75069861-2078-42A6-8EE1-D81EAC181190}"
EndProject
Project("{FAE04EC0-301F-11D3-BF4B-00C04F79EFBC}") = "graphicstest", "enginewrappers\graphicstest\graphicstest.csproj", "{0E5E004F-1E93-422E-A868-7EF82110890F}"
	ProjectSection(ProjectDependencies) = postProject
		{4B0519AF-D52A-45B0-AD31-2F77CC7D1F1D} = {4B0519AF-D52A-45B0-AD31-2F77CC7D1F1D}
		{75069861-2078-42A6-8EE1-D81EAC181190} = {75069861-2078-42A6-8EE1-D81EAC181190}
	EndProjectSection
EndProject
Project("{2150E333-8FDC-42A3-9474-1A3956D46DE8}") = "game", "game", "{4764D52F-C01F-4FEA-B90B-D3E434F220D2}"
EndProject
Project("{8BC9CEB8-8B4A-11D0-8D11-00A0C91BC942}") = "game", "game\game\game.vcproj", "{23ACE3C2-51C9-4160-AEE6-EC0B26E5BE7F}"
	ProjectSection(ProjectDependencies) = postProject
		{AC7B9B03-E31F-447E-AFF1-C1D563F1B4C3} = {AC7B9B03-E31F-447E-AFF1-C1D563F1B4C3}
		{DEE3790F-BCC9-400D-A826-D203F707FA24} = {DEE3790F-BCC9-400D-A826-D203F707FA24}
		{AC7B9B03-E31F-447E-AFF1-C1D563F1B4C3} = {AC7B9B03-E31F-447E-AFF1-C1D563F1B4C3}
		{A1CA0B2D-E3E6-4AD8-8A36-2AB2B845BBD9} = {A1CA0B2D-E3E6-4AD8-8A36-2AB2B845BBD9}
		{6C6A3C30-B68C-49BE-9C4B-1FDF90822C75} = {6C6A3C30-B68C-49BE-9C4B-1FDF90822C75}
		{B014CED8-2A65-4026-9AFC-12EF15AA8A63} = {B014CED8-2A65-4026-9AFC-12EF15AA8A63}
		{A1CA0B2D-E3E6-4AD8-8A36-2AB2B845BBD9} = {A1CA0B2D-E3E6-4AD8-8A36-2AB2B845BBD9}
		{6C6A3C30-B68C-49BE-9C4B-1FDF90822C75} = {6C6A3C30-B68C-49BE-9C4B-1FDF90822C75}
		{B014CED8-2A65-4026-9AFC-12EF15AA8A63} = {B014CED8-2A65-4026-9AFC-12EF15AA8A63}
	EndProjectSection
EndProject
Project("{8BC9CEB8-8B4A-11D0-8D11-00A0C91BC942}") = "game", "windows\game\game.vcproj", "{E34418AD-A82B-4AE9-892C-7DB9CB4742AF}"
	ProjectSection(ProjectDependencies) = postProject
		{AC7B9B03-E31F-447E-AFF1-C1D563F1B4C3} = {AC7B9B03-E31F-447E-AFF1-C1D563F1B4C3}
		{AC7B9B03-E31F-447E-AFF1-C1D563F1B4C3} = {AC7B9B03-E31F-447E-AFF1-C1D563F1B4C3}
		{6C6A3C30-B68C-49BE-9C4B-1FDF90822C75} = {6C6A3C30-B68C-49BE-9C4B-1FDF90822C75}
		{94598EC0-1668-4B47-AA8E-A1B1BE8E230B} = {94598EC0-1668-4B47-AA8E-A1B1BE8E230B}
		{23ACE3C2-51C9-4160-AEE6-EC0B26E5BE7F} = {23ACE3C2-51C9-4160-AEE6-EC0B26E5BE7F}
		{6C6A3C30-B68C-49BE-9C4B-1FDF90822C75} = {6C6A3C30-B68C-49BE-9C4B-1FDF90822C75}
		{94598EC0-1668-4B47-AA8E-A1B1BE8E230B} = {94598EC0-1668-4B47-AA8E-A1B1BE8E230B}
		{23ACE3C2-51C9-4160-AEE6-EC0B26E5BE7F} = {23ACE3C2-51C9-4160-AEE6-EC0B26E5BE7F}
		{B014CED8-2A65-4026-9AFC-12EF15AA8A63} = {B014CED8-2A65-4026-9AFC-12EF15AA8A63}
	EndProjectSection
EndProject
Project("{2150E333-8FDC-42A3-9474-1A3956D46DE8}") = "tools", "tools", "{B6DEE97D-7668-4897-8C87-BA2C59D22E41}"
EndProject
Project("{8BC9CEB8-8B4A-11D0-8D11-00A0C91BC942}") = "mapgenerator", "game\tools\mapgenerator\mapgenerator.vcproj", "{56313361-2B9D-4E85-94DA-2D4DEC9459AC}"
	ProjectSection(ProjectDependencies) = postProject
		{AC7B9B03-E31F-447E-AFF1-C1D563F1B4C3} = {AC7B9B03-E31F-447E-AFF1-C1D563F1B4C3}
	EndProjectSection
EndProject
Project("{2150E333-8FDC-42A3-9474-1A3956D46DE8}") = "tools", "tools", "{80480298-425E-4DF0-8B03-CABF8BE20427}"
EndProject
Project("{8BC9CEB8-8B4A-11D0-8D11-00A0C91BC942}") = "resource", "engine\tools\resource\resource.vcproj", "{ACC927AE-155B-4900-A255-8AF0A411D904}"
	ProjectSection(ProjectDependencies) = postProject
		{42223C13-798C-42C4-80F2-DB4138AF75E4} = {42223C13-798C-42C4-80F2-DB4138AF75E4}
	EndProjectSection
EndProject
Project("{2150E333-8FDC-42A3-9474-1A3956D46DE8}") = "test", "test", "{2BB5A5CE-C032-421B-8597-CEED1002B974}"
EndProject
Project("{8BC9CEB8-8B4A-11D0-8D11-00A0C91BC942}") = "filetest", "engine\test\filetest\filetest.vcproj", "{4EFA861F-E346-4319-AA2C-64580DF1777E}"
	ProjectSection(ProjectDependencies) = postProject
		{A1CA0B2D-E3E6-4AD8-8A36-2AB2B845BBD9} = {A1CA0B2D-E3E6-4AD8-8A36-2AB2B845BBD9}
		{AC7B9B03-E31F-447E-AFF1-C1D563F1B4C3} = {AC7B9B03-E31F-447E-AFF1-C1D563F1B4C3}
	EndProjectSection
EndProject
Project("{FAE04EC0-301F-11D3-BF4B-00C04F79EFBC}") = "XTextureizer", "game\tools\XTextureizer\XTextureizer.csproj", "{1222A746-3703-4916-979B-F6F8788589BB}"
EndProject
Project("{8BC9CEB8-8B4A-11D0-8D11-00A0C91BC942}") = "resourcetest", "engine\test\resourcetest\resourcetest.vcproj", "{7D87F210-F9B6-4B7A-A1EA-CFEAA7A82729}"
	ProjectSection(ProjectDependencies) = postProject
		{AC7B9B03-E31F-447E-AFF1-C1D563F1B4C3} = {AC7B9B03-E31F-447E-AFF1-C1D563F1B4C3}
		{AC7B9B03-E31F-447E-AFF1-C1D563F1B4C3} = {AC7B9B03-E31F-447E-AFF1-C1D563F1B4C3}
		{ACC927AE-155B-4900-A255-8AF0A411D904} = {ACC927AE-155B-4900-A255-8AF0A411D904}
		{A1CA0B2D-E3E6-4AD8-8A36-2AB2B845BBD9} = {A1CA0B2D-E3E6-4AD8-8A36-2AB2B845BBD9}
		{ACC927AE-155B-4900-A255-8AF0A411D904} = {ACC927AE-155B-4900-A255-8AF0A411D904}
	EndProjectSection
EndProject
Project("{8BC9CEB8-8B4A-11D0-8D11-00A0C91BC942}") = "stl", "engine\tools\stl\stl.vcproj", "{960D60F8-A9A1-4E4F-B266-B7E5B6D057F7}"
EndProject
Project("{8BC9CEB8-8B4A-11D0-8D11-00A0C91BC942}") = "crctool", "engine\tools\crctool\crctool.vcproj", "{DEAF5FB7-578A-418B-B628-8D42C5284C3F}"
	ProjectSection(ProjectDependencies) = postProject
		{42223C13-798C-42C4-80F2-DB4138AF75E4} = {42223C13-798C-42C4-80F2-DB4138AF75E4}
		{A1CA0B2D-E3E6-4AD8-8A36-2AB2B845BBD9} = {A1CA0B2D-E3E6-4AD8-8A36-2AB2B845BBD9}
	EndProjectSection
EndProject
Project("{8BC9CEB8-8B4A-11D0-8D11-00A0C91BC942}") = "crctest", "engine\test\crctest\crctest.vcproj", "{9F2308E0-8542-45BD-A57A-A67416CA122C}"
	ProjectSection(ProjectDependencies) = postProject
		{42223C13-798C-42C4-80F2-DB4138AF75E4} = {42223C13-798C-42C4-80F2-DB4138AF75E4}
		{A1CA0B2D-E3E6-4AD8-8A36-2AB2B845BBD9} = {A1CA0B2D-E3E6-4AD8-8A36-2AB2B845BBD9}
	EndProjectSection
EndProject
Project("{8BC9CEB8-8B4A-11D0-8D11-00A0C91BC942}") = "animation", "engine\animation\animation.vcproj", "{8183AD7C-E959-414F-82F2-15E30526A326}"
EndProject
Project("{8BC9CEB8-8B4A-11D0-8D11-00A0C91BC942}") = "basegame", "game\basegame\basegame.vcproj", "{DEE3790F-BCC9-400D-A826-D203F707FA24}"
	ProjectSection(ProjectDependencies) = postProject
		{42223C13-798C-42C4-80F2-DB4138AF75E4} = {42223C13-798C-42C4-80F2-DB4138AF75E4}
		{B014CED8-2A65-4026-9AFC-12EF15AA8A63} = {B014CED8-2A65-4026-9AFC-12EF15AA8A63}
		{D58E7139-C640-4922-92F9-3EBA1169CCC9} = {D58E7139-C640-4922-92F9-3EBA1169CCC9}
		{6C6A3C30-B68C-49BE-9C4B-1FDF90822C75} = {6C6A3C30-B68C-49BE-9C4B-1FDF90822C75}
		{A1CA0B2D-E3E6-4AD8-8A36-2AB2B845BBD9} = {A1CA0B2D-E3E6-4AD8-8A36-2AB2B845BBD9}
		{A20DAD3A-2D27-4A1B-8279-52C4C0109D68} = {A20DAD3A-2D27-4A1B-8279-52C4C0109D68}
		{AC7B9B03-E31F-447E-AFF1-C1D563F1B4C3} = {AC7B9B03-E31F-447E-AFF1-C1D563F1B4C3}
	EndProjectSection
EndProject
Project("{8BC9CEB8-8B4A-11D0-8D11-00A0C91BC942}") = "shared", "game\shared\shared.vcproj", "{77EE0B8F-BF71-489E-9949-944CFFD2C9CF}"
EndProject
Project("{8BC9CEB8-8B4A-11D0-8D11-00A0C91BC942}") = "datatree", "game\datatree\datatree.vcproj", "{2456C412-9B7C-4730-9CB6-D04A35DC8DCB}"
EndProject
Project("{8BC9CEB8-8B4A-11D0-8D11-00A0C91BC942}") = "datatreetools", "game\tools\datatreetools\datatreetools.vcproj", "{F840BF17-1326-49B9-933A-BB537834B8F3}"
	ProjectSection(ProjectDependencies) = postProject
		{49929E01-A23F-4D99-91C4-F7936AE6D24A} = {49929E01-A23F-4D99-91C4-F7936AE6D24A}
		{2456C412-9B7C-4730-9CB6-D04A35DC8DCB} = {2456C412-9B7C-4730-9CB6-D04A35DC8DCB}
		{A1CA0B2D-E3E6-4AD8-8A36-2AB2B845BBD9} = {A1CA0B2D-E3E6-4AD8-8A36-2AB2B845BBD9}
		{ACC927AE-155B-4900-A255-8AF0A411D904} = {ACC927AE-155B-4900-A255-8AF0A411D904}
		{42223C13-798C-42C4-80F2-DB4138AF75E4} = {42223C13-798C-42C4-80F2-DB4138AF75E4}
	EndProjectSection
EndProject
Project("{FAE04EC0-301F-11D3-BF4B-00C04F79EFBC}") = "datatreefarm", "game\tools\datatreefarm\datatreefarm.csproj", "{949F3E6B-DFC0-4092-A327-7D08CF1F2CD3}"
	ProjectSection(ProjectDependencies) = postProject
		{5C6694ED-27C6-43B2-9B27-9FDB2FD6F0C3} = {5C6694ED-27C6-43B2-9B27-9FDB2FD6F0C3}
		{ACC927AE-155B-4900-A255-8AF0A411D904} = {ACC927AE-155B-4900-A255-8AF0A411D904}
		{A1CA0B2D-E3E6-4AD8-8A36-2AB2B845BBD9} = {A1CA0B2D-E3E6-4AD8-8A36-2AB2B845BBD9}
		{F840BF17-1326-49B9-933A-BB537834B8F3} = {F840BF17-1326-49B9-933A-BB537834B8F3}
		{42223C13-798C-42C4-80F2-DB4138AF75E4} = {42223C13-798C-42C4-80F2-DB4138AF75E4}
		{2456C412-9B7C-4730-9CB6-D04A35DC8DCB} = {2456C412-9B7C-4730-9CB6-D04A35DC8DCB}
		{AC7B9B03-E31F-447E-AFF1-C1D563F1B4C3} = {AC7B9B03-E31F-447E-AFF1-C1D563F1B4C3}
		{49929E01-A23F-4D99-91C4-F7936AE6D24A} = {49929E01-A23F-4D99-91C4-F7936AE6D24A}
	EndProjectSection
EndProject
Project("{8BC9CEB8-8B4A-11D0-8D11-00A0C91BC942}") = "core", "enginewrappers\core\core.vcproj", "{49929E01-A23F-4D99-91C4-F7936AE6D24A}"
	ProjectSection(ProjectDependencies) = postProject
		{A1CA0B2D-E3E6-4AD8-8A36-2AB2B845BBD9} = {A1CA0B2D-E3E6-4AD8-8A36-2AB2B845BBD9}
	EndProjectSection
EndProject
Project("{8BC9CEB8-8B4A-11D0-8D11-00A0C91BC942}") = "spacegame", "game\spacegame\spacegame.vcproj", "{832A4F76-4E66-4F3A-9585-930FC5E1ACF7}"
EndProject
Project("{8BC9CEB8-8B4A-11D0-8D11-00A0C91BC942}") = "spacegame", "windows\spacegame\spacegame.vcproj", "{A6BD36F4-9064-46DE-B48C-04E7D7DE4C01}"
	ProjectSection(ProjectDependencies) = postProject
		{832A4F76-4E66-4F3A-9585-930FC5E1ACF7} = {832A4F76-4E66-4F3A-9585-930FC5E1ACF7}
		{94598EC0-1668-4B47-AA8E-A1B1BE8E230B} = {94598EC0-1668-4B47-AA8E-A1B1BE8E230B}
		{A1CA0B2D-E3E6-4AD8-8A36-2AB2B845BBD9} = {A1CA0B2D-E3E6-4AD8-8A36-2AB2B845BBD9}
		{DEE3790F-BCC9-400D-A826-D203F707FA24} = {DEE3790F-BCC9-400D-A826-D203F707FA24}
	EndProjectSection
EndProject
Project("{8BC9CEB8-8B4A-11D0-8D11-00A0C91BC942}") = "fonttool", "engine\tools\fonttool\fonttool.vcproj", "{E6467D2F-346B-46F9-AB4C-BD9DD7833D77}"
	ProjectSection(ProjectDependencies) = postProject
		{94598EC0-1668-4B47-AA8E-A1B1BE8E230B} = {94598EC0-1668-4B47-AA8E-A1B1BE8E230B}
	EndProjectSection
EndProject
Project("{8BC9CEB8-8B4A-11D0-8D11-00A0C91BC942}") = "builder", "game\tools\builder\builder.vcproj", "{B7DC64ED-478E-4876-8F8F-04A5161E378E}"
	ProjectSection(ProjectDependencies) = postProject
		{A1CA0B2D-E3E6-4AD8-8A36-2AB2B845BBD9} = {A1CA0B2D-E3E6-4AD8-8A36-2AB2B845BBD9}
		{A20DAD3A-2D27-4A1B-8279-52C4C0109D68} = {A20DAD3A-2D27-4A1B-8279-52C4C0109D68}
	EndProjectSection
EndProject
Project("{8BC9CEB8-8B4A-11D0-8D11-00A0C91BC942}") = "lua", "game\lua\lua.vcproj", "{A20DAD3A-2D27-4A1B-8279-52C4C0109D68}"
EndProject
Project("{8BC9CEB8-8B4A-11D0-8D11-00A0C91BC942}") = "resdblib", "game\tools\resdblib\resdblib.vcproj", "{0BE8AB66-3A9B-494B-9822-A884D64C0BE5}"
	ProjectSection(ProjectDependencies) = postProject
		{ACC927AE-155B-4900-A255-8AF0A411D904} = {ACC927AE-155B-4900-A255-8AF0A411D904}
		{AC7B9B03-E31F-447E-AFF1-C1D563F1B4C3} = {AC7B9B03-E31F-447E-AFF1-C1D563F1B4C3}
		{30B41376-E080-4BF6-9188-DD5D07B0D3D3} = {30B41376-E080-4BF6-9188-DD5D07B0D3D3}
		{A20DAD3A-2D27-4A1B-8279-52C4C0109D68} = {A20DAD3A-2D27-4A1B-8279-52C4C0109D68}
		{A1CA0B2D-E3E6-4AD8-8A36-2AB2B845BBD9} = {A1CA0B2D-E3E6-4AD8-8A36-2AB2B845BBD9}
	EndProjectSection
EndProject
Project("{8BC9CEB8-8B4A-11D0-8D11-00A0C91BC942}") = "klua", "game\klua\klua.vcproj", "{30B41376-E080-4BF6-9188-DD5D07B0D3D3}"
	ProjectSection(ProjectDependencies) = postProject
		{A20DAD3A-2D27-4A1B-8279-52C4C0109D68} = {A20DAD3A-2D27-4A1B-8279-52C4C0109D68}
	EndProjectSection
EndProject
Project("{8BC9CEB8-8B4A-11D0-8D11-00A0C91BC942}") = "luabuildlib", "game\tools\luabuildlib\luabuildlib.vcproj", "{A359F7C9-3075-4023-B78E-4D9F3C1C435D}"
	ProjectSection(ProjectDependencies) = postProject
		{AC7B9B03-E31F-447E-AFF1-C1D563F1B4C3} = {AC7B9B03-E31F-447E-AFF1-C1D563F1B4C3}
		{A1CA0B2D-E3E6-4AD8-8A36-2AB2B845BBD9} = {A1CA0B2D-E3E6-4AD8-8A36-2AB2B845BBD9}
		{A20DAD3A-2D27-4A1B-8279-52C4C0109D68} = {A20DAD3A-2D27-4A1B-8279-52C4C0109D68}
		{30B41376-E080-4BF6-9188-DD5D07B0D3D3} = {30B41376-E080-4BF6-9188-DD5D07B0D3D3}
		{ACC927AE-155B-4900-A255-8AF0A411D904} = {ACC927AE-155B-4900-A255-8AF0A411D904}
	EndProjectSection
EndProject
Project("{8BC9CEB8-8B4A-11D0-8D11-00A0C91BC942}") = "hexgrid", "game\hexgrid\hexgrid.vcproj", "{FC441378-6AB3-4279-BEA3-91E3C17B6E59}"
EndProject
Global
	GlobalSection(SolutionConfigurationPlatforms) = preSolution
		Debug|Any CPU = Debug|Any CPU
		Debug|Mixed Platforms = Debug|Mixed Platforms
		Debug|Win32 = Debug|Win32
		Final|Any CPU = Final|Any CPU
		Final|Mixed Platforms = Final|Mixed Platforms
		Final|Win32 = Final|Win32
		Release|Any CPU = Release|Any CPU
		Release|Mixed Platforms = Release|Mixed Platforms
		Release|Win32 = Release|Win32
	EndGlobalSection
	GlobalSection(ProjectConfigurationPlatforms) = postSolution
		{A1CA0B2D-E3E6-4AD8-8A36-2AB2B845BBD9}.Debug|Any CPU.ActiveCfg = Debug|Win32
		{A1CA0B2D-E3E6-4AD8-8A36-2AB2B845BBD9}.Debug|Mixed Platforms.ActiveCfg = Debug|Win32
		{A1CA0B2D-E3E6-4AD8-8A36-2AB2B845BBD9}.Debug|Mixed Platforms.Build.0 = Debug|Win32
		{A1CA0B2D-E3E6-4AD8-8A36-2AB2B845BBD9}.Debug|Win32.ActiveCfg = Debug|Win32
		{A1CA0B2D-E3E6-4AD8-8A36-2AB2B845BBD9}.Debug|Win32.Build.0 = Debug|Win32
		{A1CA0B2D-E3E6-4AD8-8A36-2AB2B845BBD9}.Final|Any CPU.ActiveCfg = Final|Win32
		{A1CA0B2D-E3E6-4AD8-8A36-2AB2B845BBD9}.Final|Mixed Platforms.ActiveCfg = Final|Win32
		{A1CA0B2D-E3E6-4AD8-8A36-2AB2B845BBD9}.Final|Mixed Platforms.Build.0 = Final|Win32
		{A1CA0B2D-E3E6-4AD8-8A36-2AB2B845BBD9}.Final|Win32.ActiveCfg = Final|Win32
		{A1CA0B2D-E3E6-4AD8-8A36-2AB2B845BBD9}.Final|Win32.Build.0 = Final|Win32
		{A1CA0B2D-E3E6-4AD8-8A36-2AB2B845BBD9}.Release|Any CPU.ActiveCfg = Release|Win32
		{A1CA0B2D-E3E6-4AD8-8A36-2AB2B845BBD9}.Release|Mixed Platforms.ActiveCfg = Release|Win32
		{A1CA0B2D-E3E6-4AD8-8A36-2AB2B845BBD9}.Release|Mixed Platforms.Build.0 = Release|Win32
		{A1CA0B2D-E3E6-4AD8-8A36-2AB2B845BBD9}.Release|Win32.ActiveCfg = Release|Win32
		{A1CA0B2D-E3E6-4AD8-8A36-2AB2B845BBD9}.Release|Win32.Build.0 = Release|Win32
		{AC7B9B03-E31F-447E-AFF1-C1D563F1B4C3}.Debug|Any CPU.ActiveCfg = Debug|Win32
		{AC7B9B03-E31F-447E-AFF1-C1D563F1B4C3}.Debug|Mixed Platforms.ActiveCfg = Debug|Win32
		{AC7B9B03-E31F-447E-AFF1-C1D563F1B4C3}.Debug|Mixed Platforms.Build.0 = Debug|Win32
		{AC7B9B03-E31F-447E-AFF1-C1D563F1B4C3}.Debug|Win32.ActiveCfg = Debug|Win32
		{AC7B9B03-E31F-447E-AFF1-C1D563F1B4C3}.Debug|Win32.Build.0 = Debug|Win32
		{AC7B9B03-E31F-447E-AFF1-C1D563F1B4C3}.Final|Any CPU.ActiveCfg = Release|Win32
		{AC7B9B03-E31F-447E-AFF1-C1D563F1B4C3}.Final|Mixed Platforms.ActiveCfg = Release|Win32
		{AC7B9B03-E31F-447E-AFF1-C1D563F1B4C3}.Final|Mixed Platforms.Build.0 = Release|Win32
		{AC7B9B03-E31F-447E-AFF1-C1D563F1B4C3}.Final|Win32.ActiveCfg = Release|Win32
		{AC7B9B03-E31F-447E-AFF1-C1D563F1B4C3}.Final|Win32.Build.0 = Release|Win32
		{AC7B9B03-E31F-447E-AFF1-C1D563F1B4C3}.Release|Any CPU.ActiveCfg = Release|Win32
		{AC7B9B03-E31F-447E-AFF1-C1D563F1B4C3}.Release|Mixed Platforms.ActiveCfg = Release|Win32
		{AC7B9B03-E31F-447E-AFF1-C1D563F1B4C3}.Release|Mixed Platforms.Build.0 = Release|Win32
		{AC7B9B03-E31F-447E-AFF1-C1D563F1B4C3}.Release|Win32.ActiveCfg = Release|Win32
		{AC7B9B03-E31F-447E-AFF1-C1D563F1B4C3}.Release|Win32.Build.0 = Release|Win32
		{42223C13-798C-42C4-80F2-DB4138AF75E4}.Debug|Any CPU.ActiveCfg = Debug|Win32
		{42223C13-798C-42C4-80F2-DB4138AF75E4}.Debug|Mixed Platforms.ActiveCfg = Debug|Win32
		{42223C13-798C-42C4-80F2-DB4138AF75E4}.Debug|Mixed Platforms.Build.0 = Debug|Win32
		{42223C13-798C-42C4-80F2-DB4138AF75E4}.Debug|Win32.ActiveCfg = Debug|Win32
		{42223C13-798C-42C4-80F2-DB4138AF75E4}.Debug|Win32.Build.0 = Debug|Win32
		{42223C13-798C-42C4-80F2-DB4138AF75E4}.Final|Any CPU.ActiveCfg = Release|Win32
		{42223C13-798C-42C4-80F2-DB4138AF75E4}.Final|Mixed Platforms.ActiveCfg = Release|Win32
		{42223C13-798C-42C4-80F2-DB4138AF75E4}.Final|Mixed Platforms.Build.0 = Release|Win32
		{42223C13-798C-42C4-80F2-DB4138AF75E4}.Final|Win32.ActiveCfg = Release|Win32
		{42223C13-798C-42C4-80F2-DB4138AF75E4}.Final|Win32.Build.0 = Release|Win32
		{42223C13-798C-42C4-80F2-DB4138AF75E4}.Release|Any CPU.ActiveCfg = Release|Win32
		{42223C13-798C-42C4-80F2-DB4138AF75E4}.Release|Mixed Platforms.ActiveCfg = Release|Win32
		{42223C13-798C-42C4-80F2-DB4138AF75E4}.Release|Mixed Platforms.Build.0 = Release|Win32
		{42223C13-798C-42C4-80F2-DB4138AF75E4}.Release|Win32.ActiveCfg = Release|Win32
		{42223C13-798C-42C4-80F2-DB4138AF75E4}.Release|Win32.Build.0 = Release|Win32
		{D58E7139-C640-4922-92F9-3EBA1169CCC9}.Debug|Any CPU.ActiveCfg = Debug|Win32
		{D58E7139-C640-4922-92F9-3EBA1169CCC9}.Debug|Mixed Platforms.ActiveCfg = Debug|Win32
		{D58E7139-C640-4922-92F9-3EBA1169CCC9}.Debug|Mixed Platforms.Build.0 = Debug|Win32
		{D58E7139-C640-4922-92F9-3EBA1169CCC9}.Debug|Win32.ActiveCfg = Debug|Win32
		{D58E7139-C640-4922-92F9-3EBA1169CCC9}.Debug|Win32.Build.0 = Debug|Win32
		{D58E7139-C640-4922-92F9-3EBA1169CCC9}.Final|Any CPU.ActiveCfg = Release|Win32
		{D58E7139-C640-4922-92F9-3EBA1169CCC9}.Final|Mixed Platforms.ActiveCfg = Release|Win32
		{D58E7139-C640-4922-92F9-3EBA1169CCC9}.Final|Mixed Platforms.Build.0 = Release|Win32
		{D58E7139-C640-4922-92F9-3EBA1169CCC9}.Final|Win32.ActiveCfg = Release|Win32
		{D58E7139-C640-4922-92F9-3EBA1169CCC9}.Final|Win32.Build.0 = Release|Win32
		{D58E7139-C640-4922-92F9-3EBA1169CCC9}.Release|Any CPU.ActiveCfg = Release|Win32
		{D58E7139-C640-4922-92F9-3EBA1169CCC9}.Release|Mixed Platforms.ActiveCfg = Release|Win32
		{D58E7139-C640-4922-92F9-3EBA1169CCC9}.Release|Mixed Platforms.Build.0 = Release|Win32
		{D58E7139-C640-4922-92F9-3EBA1169CCC9}.Release|Win32.ActiveCfg = Release|Win32
		{D58E7139-C640-4922-92F9-3EBA1169CCC9}.Release|Win32.Build.0 = Release|Win32
		{B014CED8-2A65-4026-9AFC-12EF15AA8A63}.Debug|Any CPU.ActiveCfg = Debug|Win32
		{B014CED8-2A65-4026-9AFC-12EF15AA8A63}.Debug|Mixed Platforms.ActiveCfg = Debug|Win32
		{B014CED8-2A65-4026-9AFC-12EF15AA8A63}.Debug|Mixed Platforms.Build.0 = Debug|Win32
		{B014CED8-2A65-4026-9AFC-12EF15AA8A63}.Debug|Win32.ActiveCfg = Debug|Win32
		{B014CED8-2A65-4026-9AFC-12EF15AA8A63}.Debug|Win32.Build.0 = Debug|Win32
		{B014CED8-2A65-4026-9AFC-12EF15AA8A63}.Final|Any CPU.ActiveCfg = Release|Win32
		{B014CED8-2A65-4026-9AFC-12EF15AA8A63}.Final|Mixed Platforms.ActiveCfg = Release|Win32
		{B014CED8-2A65-4026-9AFC-12EF15AA8A63}.Final|Mixed Platforms.Build.0 = Release|Win32
		{B014CED8-2A65-4026-9AFC-12EF15AA8A63}.Final|Win32.ActiveCfg = Release|Win32
		{B014CED8-2A65-4026-9AFC-12EF15AA8A63}.Final|Win32.Build.0 = Release|Win32
		{B014CED8-2A65-4026-9AFC-12EF15AA8A63}.Release|Any CPU.ActiveCfg = Release|Win32
		{B014CED8-2A65-4026-9AFC-12EF15AA8A63}.Release|Mixed Platforms.ActiveCfg = Release|Win32
		{B014CED8-2A65-4026-9AFC-12EF15AA8A63}.Release|Mixed Platforms.Build.0 = Release|Win32
		{B014CED8-2A65-4026-9AFC-12EF15AA8A63}.Release|Win32.ActiveCfg = Release|Win32
		{B014CED8-2A65-4026-9AFC-12EF15AA8A63}.Release|Win32.Build.0 = Release|Win32
		{5C6694ED-27C6-43B2-9B27-9FDB2FD6F0C3}.Debug|Any CPU.ActiveCfg = Debug|Win32
		{5C6694ED-27C6-43B2-9B27-9FDB2FD6F0C3}.Debug|Mixed Platforms.ActiveCfg = Debug|Win32
		{5C6694ED-27C6-43B2-9B27-9FDB2FD6F0C3}.Debug|Mixed Platforms.Build.0 = Debug|Win32
		{5C6694ED-27C6-43B2-9B27-9FDB2FD6F0C3}.Debug|Win32.ActiveCfg = Debug|Win32
		{5C6694ED-27C6-43B2-9B27-9FDB2FD6F0C3}.Debug|Win32.Build.0 = Debug|Win32
		{5C6694ED-27C6-43B2-9B27-9FDB2FD6F0C3}.Final|Any CPU.ActiveCfg = Release|Win32
		{5C6694ED-27C6-43B2-9B27-9FDB2FD6F0C3}.Final|Mixed Platforms.ActiveCfg = Release|Win32
		{5C6694ED-27C6-43B2-9B27-9FDB2FD6F0C3}.Final|Mixed Platforms.Build.0 = Release|Win32
		{5C6694ED-27C6-43B2-9B27-9FDB2FD6F0C3}.Final|Win32.ActiveCfg = Release|Win32
		{5C6694ED-27C6-43B2-9B27-9FDB2FD6F0C3}.Final|Win32.Build.0 = Release|Win32
		{5C6694ED-27C6-43B2-9B27-9FDB2FD6F0C3}.Release|Any CPU.ActiveCfg = Release|Win32
		{5C6694ED-27C6-43B2-9B27-9FDB2FD6F0C3}.Release|Mixed Platforms.ActiveCfg = Release|Win32
		{5C6694ED-27C6-43B2-9B27-9FDB2FD6F0C3}.Release|Mixed Platforms.Build.0 = Release|Win32
		{5C6694ED-27C6-43B2-9B27-9FDB2FD6F0C3}.Release|Win32.ActiveCfg = Release|Win32
		{5C6694ED-27C6-43B2-9B27-9FDB2FD6F0C3}.Release|Win32.Build.0 = Release|Win32
		{6408C77C-EB6E-4E93-AAE5-DABEBC685E86}.Debug|Any CPU.ActiveCfg = Debug|Any CPU
		{6408C77C-EB6E-4E93-AAE5-DABEBC685E86}.Debug|Any CPU.Build.0 = Debug|Any CPU
		{6408C77C-EB6E-4E93-AAE5-DABEBC685E86}.Debug|Mixed Platforms.ActiveCfg = Debug|Any CPU
		{6408C77C-EB6E-4E93-AAE5-DABEBC685E86}.Debug|Mixed Platforms.Build.0 = Debug|Any CPU
		{6408C77C-EB6E-4E93-AAE5-DABEBC685E86}.Debug|Win32.ActiveCfg = Debug|Any CPU
		{6408C77C-EB6E-4E93-AAE5-DABEBC685E86}.Final|Any CPU.ActiveCfg = Release|Any CPU
		{6408C77C-EB6E-4E93-AAE5-DABEBC685E86}.Final|Any CPU.Build.0 = Release|Any CPU
		{6408C77C-EB6E-4E93-AAE5-DABEBC685E86}.Final|Mixed Platforms.ActiveCfg = Release|Any CPU
		{6408C77C-EB6E-4E93-AAE5-DABEBC685E86}.Final|Mixed Platforms.Build.0 = Release|Any CPU
		{6408C77C-EB6E-4E93-AAE5-DABEBC685E86}.Final|Win32.ActiveCfg = Release|Any CPU
		{6408C77C-EB6E-4E93-AAE5-DABEBC685E86}.Release|Any CPU.ActiveCfg = Release|Any CPU
		{6408C77C-EB6E-4E93-AAE5-DABEBC685E86}.Release|Any CPU.Build.0 = Release|Any CPU
		{6408C77C-EB6E-4E93-AAE5-DABEBC685E86}.Release|Mixed Platforms.ActiveCfg = Release|Any CPU
		{6408C77C-EB6E-4E93-AAE5-DABEBC685E86}.Release|Mixed Platforms.Build.0 = Release|Any CPU
		{6408C77C-EB6E-4E93-AAE5-DABEBC685E86}.Release|Win32.ActiveCfg = Release|Any CPU
		{94598EC0-1668-4B47-AA8E-A1B1BE8E230B}.Debug|Any CPU.ActiveCfg = Debug|Win32
		{94598EC0-1668-4B47-AA8E-A1B1BE8E230B}.Debug|Mixed Platforms.ActiveCfg = Debug|Win32
		{94598EC0-1668-4B47-AA8E-A1B1BE8E230B}.Debug|Mixed Platforms.Build.0 = Debug|Win32
		{94598EC0-1668-4B47-AA8E-A1B1BE8E230B}.Debug|Win32.ActiveCfg = Debug|Win32
		{94598EC0-1668-4B47-AA8E-A1B1BE8E230B}.Debug|Win32.Build.0 = Debug|Win32
		{94598EC0-1668-4B47-AA8E-A1B1BE8E230B}.Final|Any CPU.ActiveCfg = Release|Win32
		{94598EC0-1668-4B47-AA8E-A1B1BE8E230B}.Final|Mixed Platforms.ActiveCfg = Release|Win32
		{94598EC0-1668-4B47-AA8E-A1B1BE8E230B}.Final|Mixed Platforms.Build.0 = Release|Win32
		{94598EC0-1668-4B47-AA8E-A1B1BE8E230B}.Final|Win32.ActiveCfg = Release|Win32
		{94598EC0-1668-4B47-AA8E-A1B1BE8E230B}.Final|Win32.Build.0 = Release|Win32
		{94598EC0-1668-4B47-AA8E-A1B1BE8E230B}.Release|Any CPU.ActiveCfg = Release|Win32
		{94598EC0-1668-4B47-AA8E-A1B1BE8E230B}.Release|Mixed Platforms.ActiveCfg = Release|Win32
		{94598EC0-1668-4B47-AA8E-A1B1BE8E230B}.Release|Mixed Platforms.Build.0 = Release|Win32
		{94598EC0-1668-4B47-AA8E-A1B1BE8E230B}.Release|Win32.ActiveCfg = Release|Win32
		{94598EC0-1668-4B47-AA8E-A1B1BE8E230B}.Release|Win32.Build.0 = Release|Win32
		{81D5BEDE-31E7-4FCB-ADD0-6431DDF69737}.Debug|Any CPU.ActiveCfg = Debug|Win32
		{81D5BEDE-31E7-4FCB-ADD0-6431DDF69737}.Debug|Mixed Platforms.ActiveCfg = Debug|Win32
		{81D5BEDE-31E7-4FCB-ADD0-6431DDF69737}.Debug|Mixed Platforms.Build.0 = Debug|Win32
		{81D5BEDE-31E7-4FCB-ADD0-6431DDF69737}.Debug|Win32.ActiveCfg = Debug|Win32
		{81D5BEDE-31E7-4FCB-ADD0-6431DDF69737}.Debug|Win32.Build.0 = Debug|Win32
		{81D5BEDE-31E7-4FCB-ADD0-6431DDF69737}.Final|Any CPU.ActiveCfg = Release|Win32
		{81D5BEDE-31E7-4FCB-ADD0-6431DDF69737}.Final|Mixed Platforms.ActiveCfg = Release|Win32
		{81D5BEDE-31E7-4FCB-ADD0-6431DDF69737}.Final|Mixed Platforms.Build.0 = Release|Win32
		{81D5BEDE-31E7-4FCB-ADD0-6431DDF69737}.Final|Win32.ActiveCfg = Release|Win32
		{81D5BEDE-31E7-4FCB-ADD0-6431DDF69737}.Final|Win32.Build.0 = Release|Win32
		{81D5BEDE-31E7-4FCB-ADD0-6431DDF69737}.Release|Any CPU.ActiveCfg = Release|Win32
		{81D5BEDE-31E7-4FCB-ADD0-6431DDF69737}.Release|Mixed Platforms.ActiveCfg = Release|Win32
		{81D5BEDE-31E7-4FCB-ADD0-6431DDF69737}.Release|Mixed Platforms.Build.0 = Release|Win32
		{81D5BEDE-31E7-4FCB-ADD0-6431DDF69737}.Release|Win32.ActiveCfg = Release|Win32
		{81D5BEDE-31E7-4FCB-ADD0-6431DDF69737}.Release|Win32.Build.0 = Release|Win32
		{6C6A3C30-B68C-49BE-9C4B-1FDF90822C75}.Debug|Any CPU.ActiveCfg = Debug|Win32
		{6C6A3C30-B68C-49BE-9C4B-1FDF90822C75}.Debug|Mixed Platforms.ActiveCfg = Debug|Win32
		{6C6A3C30-B68C-49BE-9C4B-1FDF90822C75}.Debug|Mixed Platforms.Build.0 = Debug|Win32
		{6C6A3C30-B68C-49BE-9C4B-1FDF90822C75}.Debug|Win32.ActiveCfg = Debug|Win32
		{6C6A3C30-B68C-49BE-9C4B-1FDF90822C75}.Debug|Win32.Build.0 = Debug|Win32
		{6C6A3C30-B68C-49BE-9C4B-1FDF90822C75}.Final|Any CPU.ActiveCfg = Release|Win32
		{6C6A3C30-B68C-49BE-9C4B-1FDF90822C75}.Final|Mixed Platforms.ActiveCfg = Release|Win32
		{6C6A3C30-B68C-49BE-9C4B-1FDF90822C75}.Final|Mixed Platforms.Build.0 = Release|Win32
		{6C6A3C30-B68C-49BE-9C4B-1FDF90822C75}.Final|Win32.ActiveCfg = Release|Win32
		{6C6A3C30-B68C-49BE-9C4B-1FDF90822C75}.Final|Win32.Build.0 = Release|Win32
		{6C6A3C30-B68C-49BE-9C4B-1FDF90822C75}.Release|Any CPU.ActiveCfg = Release|Win32
		{6C6A3C30-B68C-49BE-9C4B-1FDF90822C75}.Release|Mixed Platforms.ActiveCfg = Release|Win32
		{6C6A3C30-B68C-49BE-9C4B-1FDF90822C75}.Release|Mixed Platforms.Build.0 = Release|Win32
		{6C6A3C30-B68C-49BE-9C4B-1FDF90822C75}.Release|Win32.ActiveCfg = Release|Win32
		{6C6A3C30-B68C-49BE-9C4B-1FDF90822C75}.Release|Win32.Build.0 = Release|Win32
		{4B0519AF-D52A-45B0-AD31-2F77CC7D1F1D}.Debug|Any CPU.ActiveCfg = Debug|Win32
		{4B0519AF-D52A-45B0-AD31-2F77CC7D1F1D}.Debug|Mixed Platforms.ActiveCfg = Debug|Win32
		{4B0519AF-D52A-45B0-AD31-2F77CC7D1F1D}.Debug|Mixed Platforms.Build.0 = Debug|Win32
		{4B0519AF-D52A-45B0-AD31-2F77CC7D1F1D}.Debug|Win32.ActiveCfg = Debug|Win32
		{4B0519AF-D52A-45B0-AD31-2F77CC7D1F1D}.Debug|Win32.Build.0 = Debug|Win32
		{4B0519AF-D52A-45B0-AD31-2F77CC7D1F1D}.Final|Any CPU.ActiveCfg = Release|Win32
		{4B0519AF-D52A-45B0-AD31-2F77CC7D1F1D}.Final|Mixed Platforms.ActiveCfg = Release|Win32
		{4B0519AF-D52A-45B0-AD31-2F77CC7D1F1D}.Final|Mixed Platforms.Build.0 = Release|Win32
		{4B0519AF-D52A-45B0-AD31-2F77CC7D1F1D}.Final|Win32.ActiveCfg = Release|Win32
		{4B0519AF-D52A-45B0-AD31-2F77CC7D1F1D}.Final|Win32.Build.0 = Release|Win32
		{4B0519AF-D52A-45B0-AD31-2F77CC7D1F1D}.Release|Any CPU.ActiveCfg = Release|Win32
		{4B0519AF-D52A-45B0-AD31-2F77CC7D1F1D}.Release|Mixed Platforms.ActiveCfg = Release|Win32
		{4B0519AF-D52A-45B0-AD31-2F77CC7D1F1D}.Release|Mixed Platforms.Build.0 = Release|Win32
		{4B0519AF-D52A-45B0-AD31-2F77CC7D1F1D}.Release|Win32.ActiveCfg = Release|Win32
		{4B0519AF-D52A-45B0-AD31-2F77CC7D1F1D}.Release|Win32.Build.0 = Release|Win32
		{75069861-2078-42A6-8EE1-D81EAC181190}.Debug|Any CPU.ActiveCfg = Debug|Win32
		{75069861-2078-42A6-8EE1-D81EAC181190}.Debug|Mixed Platforms.ActiveCfg = Debug|Win32
		{75069861-2078-42A6-8EE1-D81EAC181190}.Debug|Mixed Platforms.Build.0 = Debug|Win32
		{75069861-2078-42A6-8EE1-D81EAC181190}.Debug|Win32.ActiveCfg = Debug|Win32
		{75069861-2078-42A6-8EE1-D81EAC181190}.Debug|Win32.Build.0 = Debug|Win32
		{75069861-2078-42A6-8EE1-D81EAC181190}.Final|Any CPU.ActiveCfg = Release|Win32
		{75069861-2078-42A6-8EE1-D81EAC181190}.Final|Mixed Platforms.ActiveCfg = Release|Win32
		{75069861-2078-42A6-8EE1-D81EAC181190}.Final|Mixed Platforms.Build.0 = Release|Win32
		{75069861-2078-42A6-8EE1-D81EAC181190}.Final|Win32.ActiveCfg = Release|Win32
		{75069861-2078-42A6-8EE1-D81EAC181190}.Final|Win32.Build.0 = Release|Win32
		{75069861-2078-42A6-8EE1-D81EAC181190}.Release|Any CPU.ActiveCfg = Release|Win32
		{75069861-2078-42A6-8EE1-D81EAC181190}.Release|Mixed Platforms.ActiveCfg = Release|Win32
		{75069861-2078-42A6-8EE1-D81EAC181190}.Release|Mixed Platforms.Build.0 = Release|Win32
		{75069861-2078-42A6-8EE1-D81EAC181190}.Release|Win32.ActiveCfg = Release|Win32
		{75069861-2078-42A6-8EE1-D81EAC181190}.Release|Win32.Build.0 = Release|Win32
		{0E5E004F-1E93-422E-A868-7EF82110890F}.Debug|Any CPU.ActiveCfg = Debug|Any CPU
		{0E5E004F-1E93-422E-A868-7EF82110890F}.Debug|Any CPU.Build.0 = Debug|Any CPU
		{0E5E004F-1E93-422E-A868-7EF82110890F}.Debug|Mixed Platforms.ActiveCfg = Debug|Any CPU
		{0E5E004F-1E93-422E-A868-7EF82110890F}.Debug|Mixed Platforms.Build.0 = Debug|Any CPU
		{0E5E004F-1E93-422E-A868-7EF82110890F}.Debug|Win32.ActiveCfg = Debug|Any CPU
		{0E5E004F-1E93-422E-A868-7EF82110890F}.Final|Any CPU.ActiveCfg = Release|Any CPU
		{0E5E004F-1E93-422E-A868-7EF82110890F}.Final|Any CPU.Build.0 = Release|Any CPU
		{0E5E004F-1E93-422E-A868-7EF82110890F}.Final|Mixed Platforms.ActiveCfg = Release|Any CPU
		{0E5E004F-1E93-422E-A868-7EF82110890F}.Final|Mixed Platforms.Build.0 = Release|Any CPU
		{0E5E004F-1E93-422E-A868-7EF82110890F}.Final|Win32.ActiveCfg = Release|Any CPU
		{0E5E004F-1E93-422E-A868-7EF82110890F}.Release|Any CPU.ActiveCfg = Release|Any CPU
		{0E5E004F-1E93-422E-A868-7EF82110890F}.Release|Any CPU.Build.0 = Release|Any CPU
		{0E5E004F-1E93-422E-A868-7EF82110890F}.Release|Mixed Platforms.ActiveCfg = Release|Any CPU
		{0E5E004F-1E93-422E-A868-7EF82110890F}.Release|Mixed Platforms.Build.0 = Release|Any CPU
		{0E5E004F-1E93-422E-A868-7EF82110890F}.Release|Win32.ActiveCfg = Release|Any CPU
		{23ACE3C2-51C9-4160-AEE6-EC0B26E5BE7F}.Debug|Any CPU.ActiveCfg = Debug|Win32
		{23ACE3C2-51C9-4160-AEE6-EC0B26E5BE7F}.Debug|Mixed Platforms.ActiveCfg = Debug|Win32
		{23ACE3C2-51C9-4160-AEE6-EC0B26E5BE7F}.Debug|Mixed Platforms.Build.0 = Debug|Win32
		{23ACE3C2-51C9-4160-AEE6-EC0B26E5BE7F}.Debug|Win32.ActiveCfg = Debug|Win32
		{23ACE3C2-51C9-4160-AEE6-EC0B26E5BE7F}.Debug|Win32.Build.0 = Debug|Win32
		{23ACE3C2-51C9-4160-AEE6-EC0B26E5BE7F}.Final|Any CPU.ActiveCfg = Release|Win32
		{23ACE3C2-51C9-4160-AEE6-EC0B26E5BE7F}.Final|Mixed Platforms.ActiveCfg = Release|Win32
		{23ACE3C2-51C9-4160-AEE6-EC0B26E5BE7F}.Final|Mixed Platforms.Build.0 = Release|Win32
		{23ACE3C2-51C9-4160-AEE6-EC0B26E5BE7F}.Final|Win32.ActiveCfg = Release|Win32
		{23ACE3C2-51C9-4160-AEE6-EC0B26E5BE7F}.Final|Win32.Build.0 = Release|Win32
		{23ACE3C2-51C9-4160-AEE6-EC0B26E5BE7F}.Release|Any CPU.ActiveCfg = Release|Win32
		{23ACE3C2-51C9-4160-AEE6-EC0B26E5BE7F}.Release|Mixed Platforms.ActiveCfg = Release|Win32
		{23ACE3C2-51C9-4160-AEE6-EC0B26E5BE7F}.Release|Mixed Platforms.Build.0 = Release|Win32
		{23ACE3C2-51C9-4160-AEE6-EC0B26E5BE7F}.Release|Win32.ActiveCfg = Release|Win32
		{23ACE3C2-51C9-4160-AEE6-EC0B26E5BE7F}.Release|Win32.Build.0 = Release|Win32
		{E34418AD-A82B-4AE9-892C-7DB9CB4742AF}.Debug|Any CPU.ActiveCfg = Debug|Win32
		{E34418AD-A82B-4AE9-892C-7DB9CB4742AF}.Debug|Mixed Platforms.ActiveCfg = Debug|Win32
		{E34418AD-A82B-4AE9-892C-7DB9CB4742AF}.Debug|Mixed Platforms.Build.0 = Debug|Win32
		{E34418AD-A82B-4AE9-892C-7DB9CB4742AF}.Debug|Win32.ActiveCfg = Debug|Win32
		{E34418AD-A82B-4AE9-892C-7DB9CB4742AF}.Debug|Win32.Build.0 = Debug|Win32
		{E34418AD-A82B-4AE9-892C-7DB9CB4742AF}.Final|Any CPU.ActiveCfg = Release|Win32
		{E34418AD-A82B-4AE9-892C-7DB9CB4742AF}.Final|Mixed Platforms.ActiveCfg = Release|Win32
		{E34418AD-A82B-4AE9-892C-7DB9CB4742AF}.Final|Mixed Platforms.Build.0 = Release|Win32
		{E34418AD-A82B-4AE9-892C-7DB9CB4742AF}.Final|Win32.ActiveCfg = Release|Win32
		{E34418AD-A82B-4AE9-892C-7DB9CB4742AF}.Final|Win32.Build.0 = Release|Win32
		{E34418AD-A82B-4AE9-892C-7DB9CB4742AF}.Release|Any CPU.ActiveCfg = Release|Win32
		{E34418AD-A82B-4AE9-892C-7DB9CB4742AF}.Release|Mixed Platforms.ActiveCfg = Release|Win32
		{E34418AD-A82B-4AE9-892C-7DB9CB4742AF}.Release|Mixed Platforms.Build.0 = Release|Win32
		{E34418AD-A82B-4AE9-892C-7DB9CB4742AF}.Release|Win32.ActiveCfg = Release|Win32
		{E34418AD-A82B-4AE9-892C-7DB9CB4742AF}.Release|Win32.Build.0 = Release|Win32
		{56313361-2B9D-4E85-94DA-2D4DEC9459AC}.Debug|Any CPU.ActiveCfg = Debug|Win32
		{56313361-2B9D-4E85-94DA-2D4DEC9459AC}.Debug|Mixed Platforms.ActiveCfg = Debug|Win32
		{56313361-2B9D-4E85-94DA-2D4DEC9459AC}.Debug|Mixed Platforms.Build.0 = Debug|Win32
		{56313361-2B9D-4E85-94DA-2D4DEC9459AC}.Debug|Win32.ActiveCfg = Debug|Win32
		{56313361-2B9D-4E85-94DA-2D4DEC9459AC}.Debug|Win32.Build.0 = Debug|Win32
		{56313361-2B9D-4E85-94DA-2D4DEC9459AC}.Final|Any CPU.ActiveCfg = Release|Win32
		{56313361-2B9D-4E85-94DA-2D4DEC9459AC}.Final|Mixed Platforms.ActiveCfg = Release|Win32
		{56313361-2B9D-4E85-94DA-2D4DEC9459AC}.Final|Mixed Platforms.Build.0 = Release|Win32
		{56313361-2B9D-4E85-94DA-2D4DEC9459AC}.Final|Win32.ActiveCfg = Release|Win32
		{56313361-2B9D-4E85-94DA-2D4DEC9459AC}.Final|Win32.Build.0 = Release|Win32
		{56313361-2B9D-4E85-94DA-2D4DEC9459AC}.Release|Any CPU.ActiveCfg = Release|Win32
		{56313361-2B9D-4E85-94DA-2D4DEC9459AC}.Release|Mixed Platforms.ActiveCfg = Release|Win32
		{56313361-2B9D-4E85-94DA-2D4DEC9459AC}.Release|Mixed Platforms.Build.0 = Release|Win32
		{56313361-2B9D-4E85-94DA-2D4DEC9459AC}.Release|Win32.ActiveCfg = Release|Win32
		{56313361-2B9D-4E85-94DA-2D4DEC9459AC}.Release|Win32.Build.0 = Release|Win32
		{ACC927AE-155B-4900-A255-8AF0A411D904}.Debug|Any CPU.ActiveCfg = Debug|Win32
		{ACC927AE-155B-4900-A255-8AF0A411D904}.Debug|Mixed Platforms.ActiveCfg = Debug|Win32
		{ACC927AE-155B-4900-A255-8AF0A411D904}.Debug|Mixed Platforms.Build.0 = Debug|Win32
		{ACC927AE-155B-4900-A255-8AF0A411D904}.Debug|Win32.ActiveCfg = Debug|Win32
		{ACC927AE-155B-4900-A255-8AF0A411D904}.Debug|Win32.Build.0 = Debug|Win32
		{ACC927AE-155B-4900-A255-8AF0A411D904}.Final|Any CPU.ActiveCfg = Release|Win32
		{ACC927AE-155B-4900-A255-8AF0A411D904}.Final|Mixed Platforms.ActiveCfg = Release|Win32
		{ACC927AE-155B-4900-A255-8AF0A411D904}.Final|Mixed Platforms.Build.0 = Release|Win32
		{ACC927AE-155B-4900-A255-8AF0A411D904}.Final|Win32.ActiveCfg = Release|Win32
		{ACC927AE-155B-4900-A255-8AF0A411D904}.Final|Win32.Build.0 = Release|Win32
		{ACC927AE-155B-4900-A255-8AF0A411D904}.Release|Any CPU.ActiveCfg = Release|Win32
		{ACC927AE-155B-4900-A255-8AF0A411D904}.Release|Mixed Platforms.ActiveCfg = Release|Win32
		{ACC927AE-155B-4900-A255-8AF0A411D904}.Release|Mixed Platforms.Build.0 = Release|Win32
		{ACC927AE-155B-4900-A255-8AF0A411D904}.Release|Win32.ActiveCfg = Release|Win32
		{ACC927AE-155B-4900-A255-8AF0A411D904}.Release|Win32.Build.0 = Release|Win32
		{4EFA861F-E346-4319-AA2C-64580DF1777E}.Debug|Any CPU.ActiveCfg = Debug|Win32
		{4EFA861F-E346-4319-AA2C-64580DF1777E}.Debug|Mixed Platforms.ActiveCfg = Debug|Win32
		{4EFA861F-E346-4319-AA2C-64580DF1777E}.Debug|Mixed Platforms.Build.0 = Debug|Win32
		{4EFA861F-E346-4319-AA2C-64580DF1777E}.Debug|Win32.ActiveCfg = Debug|Win32
		{4EFA861F-E346-4319-AA2C-64580DF1777E}.Debug|Win32.Build.0 = Debug|Win32
		{4EFA861F-E346-4319-AA2C-64580DF1777E}.Final|Any CPU.ActiveCfg = Release|Win32
		{4EFA861F-E346-4319-AA2C-64580DF1777E}.Final|Mixed Platforms.ActiveCfg = Release|Win32
		{4EFA861F-E346-4319-AA2C-64580DF1777E}.Final|Mixed Platforms.Build.0 = Release|Win32
		{4EFA861F-E346-4319-AA2C-64580DF1777E}.Final|Win32.ActiveCfg = Release|Win32
		{4EFA861F-E346-4319-AA2C-64580DF1777E}.Final|Win32.Build.0 = Release|Win32
		{4EFA861F-E346-4319-AA2C-64580DF1777E}.Release|Any CPU.ActiveCfg = Release|Win32
		{4EFA861F-E346-4319-AA2C-64580DF1777E}.Release|Mixed Platforms.ActiveCfg = Release|Win32
		{4EFA861F-E346-4319-AA2C-64580DF1777E}.Release|Mixed Platforms.Build.0 = Release|Win32
		{4EFA861F-E346-4319-AA2C-64580DF1777E}.Release|Win32.ActiveCfg = Release|Win32
		{4EFA861F-E346-4319-AA2C-64580DF1777E}.Release|Win32.Build.0 = Release|Win32
		{1222A746-3703-4916-979B-F6F8788589BB}.Debug|Any CPU.ActiveCfg = Debug|Any CPU
		{1222A746-3703-4916-979B-F6F8788589BB}.Debug|Any CPU.Build.0 = Debug|Any CPU
		{1222A746-3703-4916-979B-F6F8788589BB}.Debug|Mixed Platforms.ActiveCfg = Debug|Any CPU
		{1222A746-3703-4916-979B-F6F8788589BB}.Debug|Mixed Platforms.Build.0 = Debug|Any CPU
		{1222A746-3703-4916-979B-F6F8788589BB}.Debug|Win32.ActiveCfg = Debug|Any CPU
		{1222A746-3703-4916-979B-F6F8788589BB}.Final|Any CPU.ActiveCfg = Release|Any CPU
		{1222A746-3703-4916-979B-F6F8788589BB}.Final|Any CPU.Build.0 = Release|Any CPU
		{1222A746-3703-4916-979B-F6F8788589BB}.Final|Mixed Platforms.ActiveCfg = Release|Any CPU
		{1222A746-3703-4916-979B-F6F8788589BB}.Final|Mixed Platforms.Build.0 = Release|Any CPU
		{1222A746-3703-4916-979B-F6F8788589BB}.Final|Win32.ActiveCfg = Release|Any CPU
		{1222A746-3703-4916-979B-F6F8788589BB}.Release|Any CPU.ActiveCfg = Release|Any CPU
		{1222A746-3703-4916-979B-F6F8788589BB}.Release|Any CPU.Build.0 = Release|Any CPU
		{1222A746-3703-4916-979B-F6F8788589BB}.Release|Mixed Platforms.ActiveCfg = Release|Any CPU
		{1222A746-3703-4916-979B-F6F8788589BB}.Release|Mixed Platforms.Build.0 = Release|Any CPU
		{1222A746-3703-4916-979B-F6F8788589BB}.Release|Win32.ActiveCfg = Release|Any CPU
		{7D87F210-F9B6-4B7A-A1EA-CFEAA7A82729}.Debug|Any CPU.ActiveCfg = Debug|Win32
		{7D87F210-F9B6-4B7A-A1EA-CFEAA7A82729}.Debug|Mixed Platforms.ActiveCfg = Debug|Win32
		{7D87F210-F9B6-4B7A-A1EA-CFEAA7A82729}.Debug|Mixed Platforms.Build.0 = Debug|Win32
		{7D87F210-F9B6-4B7A-A1EA-CFEAA7A82729}.Debug|Win32.ActiveCfg = Debug|Win32
		{7D87F210-F9B6-4B7A-A1EA-CFEAA7A82729}.Debug|Win32.Build.0 = Debug|Win32
		{7D87F210-F9B6-4B7A-A1EA-CFEAA7A82729}.Final|Any CPU.ActiveCfg = Release|Win32
		{7D87F210-F9B6-4B7A-A1EA-CFEAA7A82729}.Final|Mixed Platforms.ActiveCfg = Release|Win32
		{7D87F210-F9B6-4B7A-A1EA-CFEAA7A82729}.Final|Mixed Platforms.Build.0 = Release|Win32
		{7D87F210-F9B6-4B7A-A1EA-CFEAA7A82729}.Final|Win32.ActiveCfg = Release|Win32
		{7D87F210-F9B6-4B7A-A1EA-CFEAA7A82729}.Final|Win32.Build.0 = Release|Win32
		{7D87F210-F9B6-4B7A-A1EA-CFEAA7A82729}.Release|Any CPU.ActiveCfg = Release|Win32
		{7D87F210-F9B6-4B7A-A1EA-CFEAA7A82729}.Release|Mixed Platforms.ActiveCfg = Release|Win32
		{7D87F210-F9B6-4B7A-A1EA-CFEAA7A82729}.Release|Mixed Platforms.Build.0 = Release|Win32
		{7D87F210-F9B6-4B7A-A1EA-CFEAA7A82729}.Release|Win32.ActiveCfg = Release|Win32
		{7D87F210-F9B6-4B7A-A1EA-CFEAA7A82729}.Release|Win32.Build.0 = Release|Win32
		{960D60F8-A9A1-4E4F-B266-B7E5B6D057F7}.Debug|Any CPU.ActiveCfg = Debug|Win32
		{960D60F8-A9A1-4E4F-B266-B7E5B6D057F7}.Debug|Mixed Platforms.ActiveCfg = Debug|Win32
		{960D60F8-A9A1-4E4F-B266-B7E5B6D057F7}.Debug|Mixed Platforms.Build.0 = Debug|Win32
		{960D60F8-A9A1-4E4F-B266-B7E5B6D057F7}.Debug|Win32.ActiveCfg = Debug|Win32
		{960D60F8-A9A1-4E4F-B266-B7E5B6D057F7}.Debug|Win32.Build.0 = Debug|Win32
		{960D60F8-A9A1-4E4F-B266-B7E5B6D057F7}.Final|Any CPU.ActiveCfg = Release|Win32
		{960D60F8-A9A1-4E4F-B266-B7E5B6D057F7}.Final|Mixed Platforms.ActiveCfg = Release|Win32
		{960D60F8-A9A1-4E4F-B266-B7E5B6D057F7}.Final|Mixed Platforms.Build.0 = Release|Win32
		{960D60F8-A9A1-4E4F-B266-B7E5B6D057F7}.Final|Win32.ActiveCfg = Release|Win32
		{960D60F8-A9A1-4E4F-B266-B7E5B6D057F7}.Final|Win32.Build.0 = Release|Win32
		{960D60F8-A9A1-4E4F-B266-B7E5B6D057F7}.Release|Any CPU.ActiveCfg = Release|Win32
		{960D60F8-A9A1-4E4F-B266-B7E5B6D057F7}.Release|Mixed Platforms.ActiveCfg = Release|Win32
		{960D60F8-A9A1-4E4F-B266-B7E5B6D057F7}.Release|Mixed Platforms.Build.0 = Release|Win32
		{960D60F8-A9A1-4E4F-B266-B7E5B6D057F7}.Release|Win32.ActiveCfg = Release|Win32
		{960D60F8-A9A1-4E4F-B266-B7E5B6D057F7}.Release|Win32.Build.0 = Release|Win32
		{DEAF5FB7-578A-418B-B628-8D42C5284C3F}.Debug|Any CPU.ActiveCfg = Debug|Win32
		{DEAF5FB7-578A-418B-B628-8D42C5284C3F}.Debug|Mixed Platforms.ActiveCfg = Debug|Win32
		{DEAF5FB7-578A-418B-B628-8D42C5284C3F}.Debug|Mixed Platforms.Build.0 = Debug|Win32
		{DEAF5FB7-578A-418B-B628-8D42C5284C3F}.Debug|Win32.ActiveCfg = Debug|Win32
		{DEAF5FB7-578A-418B-B628-8D42C5284C3F}.Debug|Win32.Build.0 = Debug|Win32
		{DEAF5FB7-578A-418B-B628-8D42C5284C3F}.Final|Any CPU.ActiveCfg = Release|Win32
		{DEAF5FB7-578A-418B-B628-8D42C5284C3F}.Final|Mixed Platforms.ActiveCfg = Release|Win32
		{DEAF5FB7-578A-418B-B628-8D42C5284C3F}.Final|Mixed Platforms.Build.0 = Release|Win32
		{DEAF5FB7-578A-418B-B628-8D42C5284C3F}.Final|Win32.ActiveCfg = Release|Win32
		{DEAF5FB7-578A-418B-B628-8D42C5284C3F}.Final|Win32.Build.0 = Release|Win32
		{DEAF5FB7-578A-418B-B628-8D42C5284C3F}.Release|Any CPU.ActiveCfg = Release|Win32
		{DEAF5FB7-578A-418B-B628-8D42C5284C3F}.Release|Mixed Platforms.ActiveCfg = Release|Win32
		{DEAF5FB7-578A-418B-B628-8D42C5284C3F}.Release|Mixed Platforms.Build.0 = Release|Win32
		{DEAF5FB7-578A-418B-B628-8D42C5284C3F}.Release|Win32.ActiveCfg = Release|Win32
		{DEAF5FB7-578A-418B-B628-8D42C5284C3F}.Release|Win32.Build.0 = Release|Win32
		{9F2308E0-8542-45BD-A57A-A67416CA122C}.Debug|Any CPU.ActiveCfg = Debug|Win32
		{9F2308E0-8542-45BD-A57A-A67416CA122C}.Debug|Mixed Platforms.ActiveCfg = Debug|Win32
		{9F2308E0-8542-45BD-A57A-A67416CA122C}.Debug|Mixed Platforms.Build.0 = Debug|Win32
		{9F2308E0-8542-45BD-A57A-A67416CA122C}.Debug|Win32.ActiveCfg = Debug|Win32
		{9F2308E0-8542-45BD-A57A-A67416CA122C}.Debug|Win32.Build.0 = Debug|Win32
		{9F2308E0-8542-45BD-A57A-A67416CA122C}.Final|Any CPU.ActiveCfg = Release|Win32
		{9F2308E0-8542-45BD-A57A-A67416CA122C}.Final|Mixed Platforms.ActiveCfg = Release|Win32
		{9F2308E0-8542-45BD-A57A-A67416CA122C}.Final|Mixed Platforms.Build.0 = Release|Win32
		{9F2308E0-8542-45BD-A57A-A67416CA122C}.Final|Win32.ActiveCfg = Release|Win32
		{9F2308E0-8542-45BD-A57A-A67416CA122C}.Final|Win32.Build.0 = Release|Win32
		{9F2308E0-8542-45BD-A57A-A67416CA122C}.Release|Any CPU.ActiveCfg = Release|Win32
		{9F2308E0-8542-45BD-A57A-A67416CA122C}.Release|Mixed Platforms.ActiveCfg = Release|Win32
		{9F2308E0-8542-45BD-A57A-A67416CA122C}.Release|Mixed Platforms.Build.0 = Release|Win32
		{9F2308E0-8542-45BD-A57A-A67416CA122C}.Release|Win32.ActiveCfg = Release|Win32
		{9F2308E0-8542-45BD-A57A-A67416CA122C}.Release|Win32.Build.0 = Release|Win32
		{8183AD7C-E959-414F-82F2-15E30526A326}.Debug|Any CPU.ActiveCfg = Debug|Win32
		{8183AD7C-E959-414F-82F2-15E30526A326}.Debug|Mixed Platforms.ActiveCfg = Debug|Win32
		{8183AD7C-E959-414F-82F2-15E30526A326}.Debug|Mixed Platforms.Build.0 = Debug|Win32
		{8183AD7C-E959-414F-82F2-15E30526A326}.Debug|Win32.ActiveCfg = Debug|Win32
		{8183AD7C-E959-414F-82F2-15E30526A326}.Debug|Win32.Build.0 = Debug|Win32
		{8183AD7C-E959-414F-82F2-15E30526A326}.Final|Any CPU.ActiveCfg = Release|Win32
		{8183AD7C-E959-414F-82F2-15E30526A326}.Final|Mixed Platforms.ActiveCfg = Release|Win32
		{8183AD7C-E959-414F-82F2-15E30526A326}.Final|Mixed Platforms.Build.0 = Release|Win32
		{8183AD7C-E959-414F-82F2-15E30526A326}.Final|Win32.ActiveCfg = Release|Win32
		{8183AD7C-E959-414F-82F2-15E30526A326}.Final|Win32.Build.0 = Release|Win32
		{8183AD7C-E959-414F-82F2-15E30526A326}.Release|Any CPU.ActiveCfg = Release|Win32
		{8183AD7C-E959-414F-82F2-15E30526A326}.Release|Mixed Platforms.ActiveCfg = Release|Win32
		{8183AD7C-E959-414F-82F2-15E30526A326}.Release|Mixed Platforms.Build.0 = Release|Win32
		{8183AD7C-E959-414F-82F2-15E30526A326}.Release|Win32.ActiveCfg = Release|Win32
		{8183AD7C-E959-414F-82F2-15E30526A326}.Release|Win32.Build.0 = Release|Win32
		{DEE3790F-BCC9-400D-A826-D203F707FA24}.Debug|Any CPU.ActiveCfg = Debug|Win32
		{DEE3790F-BCC9-400D-A826-D203F707FA24}.Debug|Mixed Platforms.ActiveCfg = Debug|Win32
		{DEE3790F-BCC9-400D-A826-D203F707FA24}.Debug|Mixed Platforms.Build.0 = Debug|Win32
		{DEE3790F-BCC9-400D-A826-D203F707FA24}.Debug|Win32.ActiveCfg = Debug|Win32
		{DEE3790F-BCC9-400D-A826-D203F707FA24}.Debug|Win32.Build.0 = Debug|Win32
		{DEE3790F-BCC9-400D-A826-D203F707FA24}.Final|Any CPU.ActiveCfg = Release|Win32
		{DEE3790F-BCC9-400D-A826-D203F707FA24}.Final|Mixed Platforms.ActiveCfg = Release|Win32
		{DEE3790F-BCC9-400D-A826-D203F707FA24}.Final|Mixed Platforms.Build.0 = Release|Win32
		{DEE3790F-BCC9-400D-A826-D203F707FA24}.Final|Win32.ActiveCfg = Release|Win32
		{DEE3790F-BCC9-400D-A826-D203F707FA24}.Final|Win32.Build.0 = Release|Win32
		{DEE3790F-BCC9-400D-A826-D203F707FA24}.Release|Any CPU.ActiveCfg = Release|Win32
		{DEE3790F-BCC9-400D-A826-D203F707FA24}.Release|Mixed Platforms.ActiveCfg = Release|Win32
		{DEE3790F-BCC9-400D-A826-D203F707FA24}.Release|Mixed Platforms.Build.0 = Release|Win32
		{DEE3790F-BCC9-400D-A826-D203F707FA24}.Release|Win32.ActiveCfg = Release|Win32
		{DEE3790F-BCC9-400D-A826-D203F707FA24}.Release|Win32.Build.0 = Release|Win32
		{77EE0B8F-BF71-489E-9949-944CFFD2C9CF}.Debug|Any CPU.ActiveCfg = Debug|Win32
		{77EE0B8F-BF71-489E-9949-944CFFD2C9CF}.Debug|Mixed Platforms.ActiveCfg = Debug|Win32
		{77EE0B8F-BF71-489E-9949-944CFFD2C9CF}.Debug|Mixed Platforms.Build.0 = Debug|Win32
		{77EE0B8F-BF71-489E-9949-944CFFD2C9CF}.Debug|Win32.ActiveCfg = Debug|Win32
		{77EE0B8F-BF71-489E-9949-944CFFD2C9CF}.Debug|Win32.Build.0 = Debug|Win32
		{77EE0B8F-BF71-489E-9949-944CFFD2C9CF}.Final|Any CPU.ActiveCfg = Release|Win32
		{77EE0B8F-BF71-489E-9949-944CFFD2C9CF}.Final|Mixed Platforms.ActiveCfg = Release|Win32
		{77EE0B8F-BF71-489E-9949-944CFFD2C9CF}.Final|Mixed Platforms.Build.0 = Release|Win32
		{77EE0B8F-BF71-489E-9949-944CFFD2C9CF}.Final|Win32.ActiveCfg = Release|Win32
		{77EE0B8F-BF71-489E-9949-944CFFD2C9CF}.Final|Win32.Build.0 = Release|Win32
		{77EE0B8F-BF71-489E-9949-944CFFD2C9CF}.Release|Any CPU.ActiveCfg = Release|Win32
		{77EE0B8F-BF71-489E-9949-944CFFD2C9CF}.Release|Mixed Platforms.ActiveCfg = Release|Win32
		{77EE0B8F-BF71-489E-9949-944CFFD2C9CF}.Release|Mixed Platforms.Build.0 = Release|Win32
		{77EE0B8F-BF71-489E-9949-944CFFD2C9CF}.Release|Win32.ActiveCfg = Release|Win32
		{77EE0B8F-BF71-489E-9949-944CFFD2C9CF}.Release|Win32.Build.0 = Release|Win32
		{2456C412-9B7C-4730-9CB6-D04A35DC8DCB}.Debug|Any CPU.ActiveCfg = Debug|Win32
		{2456C412-9B7C-4730-9CB6-D04A35DC8DCB}.Debug|Mixed Platforms.ActiveCfg = Debug|Win32
		{2456C412-9B7C-4730-9CB6-D04A35DC8DCB}.Debug|Mixed Platforms.Build.0 = Debug|Win32
		{2456C412-9B7C-4730-9CB6-D04A35DC8DCB}.Debug|Win32.ActiveCfg = Debug|Win32
		{2456C412-9B7C-4730-9CB6-D04A35DC8DCB}.Debug|Win32.Build.0 = Debug|Win32
		{2456C412-9B7C-4730-9CB6-D04A35DC8DCB}.Final|Any CPU.ActiveCfg = Release|Win32
		{2456C412-9B7C-4730-9CB6-D04A35DC8DCB}.Final|Mixed Platforms.ActiveCfg = Release|Win32
		{2456C412-9B7C-4730-9CB6-D04A35DC8DCB}.Final|Mixed Platforms.Build.0 = Release|Win32
		{2456C412-9B7C-4730-9CB6-D04A35DC8DCB}.Final|Win32.ActiveCfg = Release|Win32
		{2456C412-9B7C-4730-9CB6-D04A35DC8DCB}.Final|Win32.Build.0 = Release|Win32
		{2456C412-9B7C-4730-9CB6-D04A35DC8DCB}.Release|Any CPU.ActiveCfg = Release|Win32
		{2456C412-9B7C-4730-9CB6-D04A35DC8DCB}.Release|Mixed Platforms.ActiveCfg = Release|Win32
		{2456C412-9B7C-4730-9CB6-D04A35DC8DCB}.Release|Mixed Platforms.Build.0 = Release|Win32
		{2456C412-9B7C-4730-9CB6-D04A35DC8DCB}.Release|Win32.ActiveCfg = Release|Win32
		{2456C412-9B7C-4730-9CB6-D04A35DC8DCB}.Release|Win32.Build.0 = Release|Win32
		{F840BF17-1326-49B9-933A-BB537834B8F3}.Debug|Any CPU.ActiveCfg = Debug|Win32
		{F840BF17-1326-49B9-933A-BB537834B8F3}.Debug|Mixed Platforms.ActiveCfg = Debug|Win32
		{F840BF17-1326-49B9-933A-BB537834B8F3}.Debug|Mixed Platforms.Build.0 = Debug|Win32
		{F840BF17-1326-49B9-933A-BB537834B8F3}.Debug|Win32.ActiveCfg = Debug|Win32
		{F840BF17-1326-49B9-933A-BB537834B8F3}.Debug|Win32.Build.0 = Debug|Win32
		{F840BF17-1326-49B9-933A-BB537834B8F3}.Final|Any CPU.ActiveCfg = Release|Win32
		{F840BF17-1326-49B9-933A-BB537834B8F3}.Final|Mixed Platforms.ActiveCfg = Release|Win32
		{F840BF17-1326-49B9-933A-BB537834B8F3}.Final|Mixed Platforms.Build.0 = Release|Win32
		{F840BF17-1326-49B9-933A-BB537834B8F3}.Final|Win32.ActiveCfg = Release|Win32
		{F840BF17-1326-49B9-933A-BB537834B8F3}.Final|Win32.Build.0 = Release|Win32
		{F840BF17-1326-49B9-933A-BB537834B8F3}.Release|Any CPU.ActiveCfg = Release|Win32
		{F840BF17-1326-49B9-933A-BB537834B8F3}.Release|Mixed Platforms.ActiveCfg = Release|Win32
		{F840BF17-1326-49B9-933A-BB537834B8F3}.Release|Mixed Platforms.Build.0 = Release|Win32
		{F840BF17-1326-49B9-933A-BB537834B8F3}.Release|Win32.ActiveCfg = Release|Win32
		{F840BF17-1326-49B9-933A-BB537834B8F3}.Release|Win32.Build.0 = Release|Win32
		{949F3E6B-DFC0-4092-A327-7D08CF1F2CD3}.Debug|Any CPU.ActiveCfg = Debug|Any CPU
		{949F3E6B-DFC0-4092-A327-7D08CF1F2CD3}.Debug|Any CPU.Build.0 = Debug|Any CPU
		{949F3E6B-DFC0-4092-A327-7D08CF1F2CD3}.Debug|Mixed Platforms.ActiveCfg = Debug|Any CPU
		{949F3E6B-DFC0-4092-A327-7D08CF1F2CD3}.Debug|Mixed Platforms.Build.0 = Debug|Any CPU
		{949F3E6B-DFC0-4092-A327-7D08CF1F2CD3}.Debug|Win32.ActiveCfg = Debug|Any CPU
		{949F3E6B-DFC0-4092-A327-7D08CF1F2CD3}.Final|Any CPU.ActiveCfg = Release|Any CPU
		{949F3E6B-DFC0-4092-A327-7D08CF1F2CD3}.Final|Any CPU.Build.0 = Release|Any CPU
		{949F3E6B-DFC0-4092-A327-7D08CF1F2CD3}.Final|Mixed Platforms.ActiveCfg = Release|Any CPU
		{949F3E6B-DFC0-4092-A327-7D08CF1F2CD3}.Final|Mixed Platforms.Build.0 = Release|Any CPU
		{949F3E6B-DFC0-4092-A327-7D08CF1F2CD3}.Final|Win32.ActiveCfg = Release|Any CPU
		{949F3E6B-DFC0-4092-A327-7D08CF1F2CD3}.Release|Any CPU.ActiveCfg = Release|Any CPU
		{949F3E6B-DFC0-4092-A327-7D08CF1F2CD3}.Release|Any CPU.Build.0 = Release|Any CPU
		{949F3E6B-DFC0-4092-A327-7D08CF1F2CD3}.Release|Mixed Platforms.ActiveCfg = Release|Any CPU
		{949F3E6B-DFC0-4092-A327-7D08CF1F2CD3}.Release|Mixed Platforms.Build.0 = Release|Any CPU
		{949F3E6B-DFC0-4092-A327-7D08CF1F2CD3}.Release|Win32.ActiveCfg = Release|Any CPU
		{49929E01-A23F-4D99-91C4-F7936AE6D24A}.Debug|Any CPU.ActiveCfg = Debug|Win32
		{49929E01-A23F-4D99-91C4-F7936AE6D24A}.Debug|Mixed Platforms.ActiveCfg = Debug|Win32
		{49929E01-A23F-4D99-91C4-F7936AE6D24A}.Debug|Mixed Platforms.Build.0 = Debug|Win32
		{49929E01-A23F-4D99-91C4-F7936AE6D24A}.Debug|Win32.ActiveCfg = Debug|Win32
		{49929E01-A23F-4D99-91C4-F7936AE6D24A}.Debug|Win32.Build.0 = Debug|Win32
		{49929E01-A23F-4D99-91C4-F7936AE6D24A}.Final|Any CPU.ActiveCfg = Release|Win32
		{49929E01-A23F-4D99-91C4-F7936AE6D24A}.Final|Mixed Platforms.ActiveCfg = Release|Win32
		{49929E01-A23F-4D99-91C4-F7936AE6D24A}.Final|Mixed Platforms.Build.0 = Release|Win32
		{49929E01-A23F-4D99-91C4-F7936AE6D24A}.Final|Win32.ActiveCfg = Release|Win32
		{49929E01-A23F-4D99-91C4-F7936AE6D24A}.Final|Win32.Build.0 = Release|Win32
		{49929E01-A23F-4D99-91C4-F7936AE6D24A}.Release|Any CPU.ActiveCfg = Release|Win32
		{49929E01-A23F-4D99-91C4-F7936AE6D24A}.Release|Mixed Platforms.ActiveCfg = Release|Win32
		{49929E01-A23F-4D99-91C4-F7936AE6D24A}.Release|Mixed Platforms.Build.0 = Release|Win32
		{49929E01-A23F-4D99-91C4-F7936AE6D24A}.Release|Win32.ActiveCfg = Release|Win32
		{49929E01-A23F-4D99-91C4-F7936AE6D24A}.Release|Win32.Build.0 = Release|Win32
		{832A4F76-4E66-4F3A-9585-930FC5E1ACF7}.Debug|Any CPU.ActiveCfg = Debug|Win32
		{832A4F76-4E66-4F3A-9585-930FC5E1ACF7}.Debug|Mixed Platforms.ActiveCfg = Debug|Win32
		{832A4F76-4E66-4F3A-9585-930FC5E1ACF7}.Debug|Mixed Platforms.Build.0 = Debug|Win32
		{832A4F76-4E66-4F3A-9585-930FC5E1ACF7}.Debug|Win32.ActiveCfg = Debug|Win32
		{832A4F76-4E66-4F3A-9585-930FC5E1ACF7}.Debug|Win32.Build.0 = Debug|Win32
		{832A4F76-4E66-4F3A-9585-930FC5E1ACF7}.Final|Any CPU.ActiveCfg = Release|Win32
		{832A4F76-4E66-4F3A-9585-930FC5E1ACF7}.Final|Mixed Platforms.ActiveCfg = Release|Win32
		{832A4F76-4E66-4F3A-9585-930FC5E1ACF7}.Final|Mixed Platforms.Build.0 = Release|Win32
		{832A4F76-4E66-4F3A-9585-930FC5E1ACF7}.Final|Win32.ActiveCfg = Release|Win32
		{832A4F76-4E66-4F3A-9585-930FC5E1ACF7}.Final|Win32.Build.0 = Release|Win32
		{832A4F76-4E66-4F3A-9585-930FC5E1ACF7}.Release|Any CPU.ActiveCfg = Release|Win32
		{832A4F76-4E66-4F3A-9585-930FC5E1ACF7}.Release|Mixed Platforms.ActiveCfg = Release|Win32
		{832A4F76-4E66-4F3A-9585-930FC5E1ACF7}.Release|Mixed Platforms.Build.0 = Release|Win32
		{832A4F76-4E66-4F3A-9585-930FC5E1ACF7}.Release|Win32.ActiveCfg = Release|Win32
		{832A4F76-4E66-4F3A-9585-930FC5E1ACF7}.Release|Win32.Build.0 = Release|Win32
		{A6BD36F4-9064-46DE-B48C-04E7D7DE4C01}.Debug|Any CPU.ActiveCfg = Debug|Win32
		{A6BD36F4-9064-46DE-B48C-04E7D7DE4C01}.Debug|Mixed Platforms.ActiveCfg = Debug|Win32
		{A6BD36F4-9064-46DE-B48C-04E7D7DE4C01}.Debug|Mixed Platforms.Build.0 = Debug|Win32
		{A6BD36F4-9064-46DE-B48C-04E7D7DE4C01}.Debug|Win32.ActiveCfg = Debug|Win32
		{A6BD36F4-9064-46DE-B48C-04E7D7DE4C01}.Debug|Win32.Build.0 = Debug|Win32
		{A6BD36F4-9064-46DE-B48C-04E7D7DE4C01}.Final|Any CPU.ActiveCfg = Release|Win32
		{A6BD36F4-9064-46DE-B48C-04E7D7DE4C01}.Final|Mixed Platforms.ActiveCfg = Release|Win32
		{A6BD36F4-9064-46DE-B48C-04E7D7DE4C01}.Final|Mixed Platforms.Build.0 = Release|Win32
		{A6BD36F4-9064-46DE-B48C-04E7D7DE4C01}.Final|Win32.ActiveCfg = Release|Win32
		{A6BD36F4-9064-46DE-B48C-04E7D7DE4C01}.Final|Win32.Build.0 = Release|Win32
		{A6BD36F4-9064-46DE-B48C-04E7D7DE4C01}.Release|Any CPU.ActiveCfg = Release|Win32
		{A6BD36F4-9064-46DE-B48C-04E7D7DE4C01}.Release|Mixed Platforms.ActiveCfg = Release|Win32
		{A6BD36F4-9064-46DE-B48C-04E7D7DE4C01}.Release|Mixed Platforms.Build.0 = Release|Win32
		{A6BD36F4-9064-46DE-B48C-04E7D7DE4C01}.Release|Win32.ActiveCfg = Release|Win32
		{A6BD36F4-9064-46DE-B48C-04E7D7DE4C01}.Release|Win32.Build.0 = Release|Win32
		{E6467D2F-346B-46F9-AB4C-BD9DD7833D77}.Debug|Any CPU.ActiveCfg = Debug|Win32
		{E6467D2F-346B-46F9-AB4C-BD9DD7833D77}.Debug|Mixed Platforms.ActiveCfg = Debug|Win32
		{E6467D2F-346B-46F9-AB4C-BD9DD7833D77}.Debug|Mixed Platforms.Build.0 = Debug|Win32
		{E6467D2F-346B-46F9-AB4C-BD9DD7833D77}.Debug|Win32.ActiveCfg = Debug|Win32
		{E6467D2F-346B-46F9-AB4C-BD9DD7833D77}.Debug|Win32.Build.0 = Debug|Win32
		{E6467D2F-346B-46F9-AB4C-BD9DD7833D77}.Final|Any CPU.ActiveCfg = Release|Win32
		{E6467D2F-346B-46F9-AB4C-BD9DD7833D77}.Final|Mixed Platforms.ActiveCfg = Release|Win32
		{E6467D2F-346B-46F9-AB4C-BD9DD7833D77}.Final|Mixed Platforms.Build.0 = Release|Win32
		{E6467D2F-346B-46F9-AB4C-BD9DD7833D77}.Final|Win32.ActiveCfg = Release|Win32
		{E6467D2F-346B-46F9-AB4C-BD9DD7833D77}.Final|Win32.Build.0 = Release|Win32
		{E6467D2F-346B-46F9-AB4C-BD9DD7833D77}.Release|Any CPU.ActiveCfg = Release|Win32
		{E6467D2F-346B-46F9-AB4C-BD9DD7833D77}.Release|Mixed Platforms.ActiveCfg = Release|Win32
		{E6467D2F-346B-46F9-AB4C-BD9DD7833D77}.Release|Mixed Platforms.Build.0 = Release|Win32
		{E6467D2F-346B-46F9-AB4C-BD9DD7833D77}.Release|Win32.ActiveCfg = Release|Win32
		{E6467D2F-346B-46F9-AB4C-BD9DD7833D77}.Release|Win32.Build.0 = Release|Win32
		{B7DC64ED-478E-4876-8F8F-04A5161E378E}.Debug|Any CPU.ActiveCfg = Debug|Win32
		{B7DC64ED-478E-4876-8F8F-04A5161E378E}.Debug|Mixed Platforms.ActiveCfg = Debug|Win32
		{B7DC64ED-478E-4876-8F8F-04A5161E378E}.Debug|Mixed Platforms.Build.0 = Debug|Win32
		{B7DC64ED-478E-4876-8F8F-04A5161E378E}.Debug|Win32.ActiveCfg = Debug|Win32
		{B7DC64ED-478E-4876-8F8F-04A5161E378E}.Debug|Win32.Build.0 = Debug|Win32
		{B7DC64ED-478E-4876-8F8F-04A5161E378E}.Final|Any CPU.ActiveCfg = Release|Win32
		{B7DC64ED-478E-4876-8F8F-04A5161E378E}.Final|Mixed Platforms.ActiveCfg = Release|Win32
		{B7DC64ED-478E-4876-8F8F-04A5161E378E}.Final|Mixed Platforms.Build.0 = Release|Win32
		{B7DC64ED-478E-4876-8F8F-04A5161E378E}.Final|Win32.ActiveCfg = Release|Win32
		{B7DC64ED-478E-4876-8F8F-04A5161E378E}.Final|Win32.Build.0 = Release|Win32
		{B7DC64ED-478E-4876-8F8F-04A5161E378E}.Release|Any CPU.ActiveCfg = Release|Win32
		{B7DC64ED-478E-4876-8F8F-04A5161E378E}.Release|Mixed Platforms.ActiveCfg = Release|Win32
		{B7DC64ED-478E-4876-8F8F-04A5161E378E}.Release|Mixed Platforms.Build.0 = Release|Win32
		{B7DC64ED-478E-4876-8F8F-04A5161E378E}.Release|Win32.ActiveCfg = Release|Win32
		{B7DC64ED-478E-4876-8F8F-04A5161E378E}.Release|Win32.Build.0 = Release|Win32
		{A20DAD3A-2D27-4A1B-8279-52C4C0109D68}.Debug|Any CPU.ActiveCfg = Debug|Win32
		{A20DAD3A-2D27-4A1B-8279-52C4C0109D68}.Debug|Mixed Platforms.ActiveCfg = Debug|Win32
		{A20DAD3A-2D27-4A1B-8279-52C4C0109D68}.Debug|Mixed Platforms.Build.0 = Debug|Win32
		{A20DAD3A-2D27-4A1B-8279-52C4C0109D68}.Debug|Win32.ActiveCfg = Debug|Win32
		{A20DAD3A-2D27-4A1B-8279-52C4C0109D68}.Debug|Win32.Build.0 = Debug|Win32
		{A20DAD3A-2D27-4A1B-8279-52C4C0109D68}.Final|Any CPU.ActiveCfg = Release|Win32
		{A20DAD3A-2D27-4A1B-8279-52C4C0109D68}.Final|Mixed Platforms.ActiveCfg = Release|Win32
		{A20DAD3A-2D27-4A1B-8279-52C4C0109D68}.Final|Mixed Platforms.Build.0 = Release|Win32
		{A20DAD3A-2D27-4A1B-8279-52C4C0109D68}.Final|Win32.ActiveCfg = Release|Win32
		{A20DAD3A-2D27-4A1B-8279-52C4C0109D68}.Final|Win32.Build.0 = Release|Win32
		{A20DAD3A-2D27-4A1B-8279-52C4C0109D68}.Release|Any CPU.ActiveCfg = Release|Win32
		{A20DAD3A-2D27-4A1B-8279-52C4C0109D68}.Release|Mixed Platforms.ActiveCfg = Release|Win32
		{A20DAD3A-2D27-4A1B-8279-52C4C0109D68}.Release|Mixed Platforms.Build.0 = Release|Win32
		{A20DAD3A-2D27-4A1B-8279-52C4C0109D68}.Release|Win32.ActiveCfg = Release|Win32
		{A20DAD3A-2D27-4A1B-8279-52C4C0109D68}.Release|Win32.Build.0 = Release|Win32
		{0BE8AB66-3A9B-494B-9822-A884D64C0BE5}.Debug|Any CPU.ActiveCfg = Debug|Win32
		{0BE8AB66-3A9B-494B-9822-A884D64C0BE5}.Debug|Mixed Platforms.ActiveCfg = Debug|Win32
		{0BE8AB66-3A9B-494B-9822-A884D64C0BE5}.Debug|Mixed Platforms.Build.0 = Debug|Win32
		{0BE8AB66-3A9B-494B-9822-A884D64C0BE5}.Debug|Win32.ActiveCfg = Debug|Win32
		{0BE8AB66-3A9B-494B-9822-A884D64C0BE5}.Debug|Win32.Build.0 = Debug|Win32
		{0BE8AB66-3A9B-494B-9822-A884D64C0BE5}.Final|Any CPU.ActiveCfg = Release|Win32
		{0BE8AB66-3A9B-494B-9822-A884D64C0BE5}.Final|Mixed Platforms.ActiveCfg = Release|Win32
		{0BE8AB66-3A9B-494B-9822-A884D64C0BE5}.Final|Mixed Platforms.Build.0 = Release|Win32
		{0BE8AB66-3A9B-494B-9822-A884D64C0BE5}.Final|Win32.ActiveCfg = Release|Win32
		{0BE8AB66-3A9B-494B-9822-A884D64C0BE5}.Final|Win32.Build.0 = Release|Win32
		{0BE8AB66-3A9B-494B-9822-A884D64C0BE5}.Release|Any CPU.ActiveCfg = Release|Win32
		{0BE8AB66-3A9B-494B-9822-A884D64C0BE5}.Release|Mixed Platforms.ActiveCfg = Release|Win32
		{0BE8AB66-3A9B-494B-9822-A884D64C0BE5}.Release|Mixed Platforms.Build.0 = Release|Win32
		{0BE8AB66-3A9B-494B-9822-A884D64C0BE5}.Release|Win32.ActiveCfg = Release|Win32
		{0BE8AB66-3A9B-494B-9822-A884D64C0BE5}.Release|Win32.Build.0 = Release|Win32
		{30B41376-E080-4BF6-9188-DD5D07B0D3D3}.Debug|Any CPU.ActiveCfg = Debug|Win32
		{30B41376-E080-4BF6-9188-DD5D07B0D3D3}.Debug|Mixed Platforms.ActiveCfg = Debug|Win32
		{30B41376-E080-4BF6-9188-DD5D07B0D3D3}.Debug|Mixed Platforms.Build.0 = Debug|Win32
		{30B41376-E080-4BF6-9188-DD5D07B0D3D3}.Debug|Win32.ActiveCfg = Debug|Win32
		{30B41376-E080-4BF6-9188-DD5D07B0D3D3}.Debug|Win32.Build.0 = Debug|Win32
		{30B41376-E080-4BF6-9188-DD5D07B0D3D3}.Final|Any CPU.ActiveCfg = Release|Win32
		{30B41376-E080-4BF6-9188-DD5D07B0D3D3}.Final|Mixed Platforms.ActiveCfg = Release|Win32
		{30B41376-E080-4BF6-9188-DD5D07B0D3D3}.Final|Mixed Platforms.Build.0 = Release|Win32
		{30B41376-E080-4BF6-9188-DD5D07B0D3D3}.Final|Win32.ActiveCfg = Release|Win32
		{30B41376-E080-4BF6-9188-DD5D07B0D3D3}.Final|Win32.Build.0 = Release|Win32
		{30B41376-E080-4BF6-9188-DD5D07B0D3D3}.Release|Any CPU.ActiveCfg = Release|Win32
		{30B41376-E080-4BF6-9188-DD5D07B0D3D3}.Release|Mixed Platforms.ActiveCfg = Release|Win32
		{30B41376-E080-4BF6-9188-DD5D07B0D3D3}.Release|Mixed Platforms.Build.0 = Release|Win32
		{30B41376-E080-4BF6-9188-DD5D07B0D3D3}.Release|Win32.ActiveCfg = Release|Win32
		{30B41376-E080-4BF6-9188-DD5D07B0D3D3}.Release|Win32.Build.0 = Release|Win32
		{A359F7C9-3075-4023-B78E-4D9F3C1C435D}.Debug|Any CPU.ActiveCfg = Debug|Win32
		{A359F7C9-3075-4023-B78E-4D9F3C1C435D}.Debug|Mixed Platforms.ActiveCfg = Debug|Win32
		{A359F7C9-3075-4023-B78E-4D9F3C1C435D}.Debug|Mixed Platforms.Build.0 = Debug|Win32
		{A359F7C9-3075-4023-B78E-4D9F3C1C435D}.Debug|Win32.ActiveCfg = Debug|Win32
		{A359F7C9-3075-4023-B78E-4D9F3C1C435D}.Debug|Win32.Build.0 = Debug|Win32
		{A359F7C9-3075-4023-B78E-4D9F3C1C435D}.Final|Any CPU.ActiveCfg = Release|Win32
		{A359F7C9-3075-4023-B78E-4D9F3C1C435D}.Final|Mixed Platforms.ActiveCfg = Release|Win32
		{A359F7C9-3075-4023-B78E-4D9F3C1C435D}.Final|Mixed Platforms.Build.0 = Release|Win32
		{A359F7C9-3075-4023-B78E-4D9F3C1C435D}.Final|Win32.ActiveCfg = Release|Win32
		{A359F7C9-3075-4023-B78E-4D9F3C1C435D}.Final|Win32.Build.0 = Release|Win32
		{A359F7C9-3075-4023-B78E-4D9F3C1C435D}.Release|Any CPU.ActiveCfg = Release|Win32
		{A359F7C9-3075-4023-B78E-4D9F3C1C435D}.Release|Mixed Platforms.ActiveCfg = Release|Win32
		{A359F7C9-3075-4023-B78E-4D9F3C1C435D}.Release|Mixed Platforms.Build.0 = Release|Win32
		{A359F7C9-3075-4023-B78E-4D9F3C1C435D}.Release|Win32.ActiveCfg = Release|Win32
		{A359F7C9-3075-4023-B78E-4D9F3C1C435D}.Release|Win32.Build.0 = Release|Win32
		{FC441378-6AB3-4279-BEA3-91E3C17B6E59}.Debug|Any CPU.ActiveCfg = Debug|Win32
		{FC441378-6AB3-4279-BEA3-91E3C17B6E59}.Debug|Mixed Platforms.ActiveCfg = Debug|Win32
		{FC441378-6AB3-4279-BEA3-91E3C17B6E59}.Debug|Mixed Platforms.Build.0 = Debug|Win32
		{FC441378-6AB3-4279-BEA3-91E3C17B6E59}.Debug|Win32.ActiveCfg = Debug|Win32
		{FC441378-6AB3-4279-BEA3-91E3C17B6E59}.Debug|Win32.Build.0 = Debug|Win32
		{FC441378-6AB3-4279-BEA3-91E3C17B6E59}.Final|Any CPU.ActiveCfg = Release|Win32
		{FC441378-6AB3-4279-BEA3-91E3C17B6E59}.Final|Mixed Platforms.ActiveCfg = Release|Win32
		{FC441378-6AB3-4279-BEA3-91E3C17B6E59}.Final|Mixed Platforms.Build.0 = Release|Win32
		{FC441378-6AB3-4279-BEA3-91E3C17B6E59}.Final|Win32.ActiveCfg = Release|Win32
		{FC441378-6AB3-4279-BEA3-91E3C17B6E59}.Final|Win32.Build.0 = Release|Win32
		{FC441378-6AB3-4279-BEA3-91E3C17B6E59}.Release|Any CPU.ActiveCfg = Release|Win32
		{FC441378-6AB3-4279-BEA3-91E3C17B6E59}.Release|Mixed Platforms.ActiveCfg = Release|Win32
		{FC441378-6AB3-4279-BEA3-91E3C17B6E59}.Release|Mixed Platforms.Build.0 = Release|Win32
		{FC441378-6AB3-4279-BEA3-91E3C17B6E59}.Release|Win32.ActiveCfg = Release|Win32
		{FC441378-6AB3-4279-BEA3-91E3C17B6E59}.Release|Win32.Build.0 = Release|Win32
	EndGlobalSection
	GlobalSection(SolutionProperties) = preSolution
		HideSolutionNode = FALSE
	EndGlobalSection
	GlobalSection(NestedProjects) = preSolution
		{A1CA0B2D-E3E6-4AD8-8A36-2AB2B845BBD9} = {F6E84DA3-5EDE-4627-B6A8-40EE2A560DE8}
		{AC7B9B03-E31F-447E-AFF1-C1D563F1B4C3} = {F6E84DA3-5EDE-4627-B6A8-40EE2A560DE8}
		{42223C13-798C-42C4-80F2-DB4138AF75E4} = {F6E84DA3-5EDE-4627-B6A8-40EE2A560DE8}
		{D58E7139-C640-4922-92F9-3EBA1169CCC9} = {F6E84DA3-5EDE-4627-B6A8-40EE2A560DE8}
		{B014CED8-2A65-4026-9AFC-12EF15AA8A63} = {F6E84DA3-5EDE-4627-B6A8-40EE2A560DE8}
		{6C6A3C30-B68C-49BE-9C4B-1FDF90822C75} = {F6E84DA3-5EDE-4627-B6A8-40EE2A560DE8}
		{80480298-425E-4DF0-8B03-CABF8BE20427} = {F6E84DA3-5EDE-4627-B6A8-40EE2A560DE8}
		{2BB5A5CE-C032-421B-8597-CEED1002B974} = {F6E84DA3-5EDE-4627-B6A8-40EE2A560DE8}
		{8183AD7C-E959-414F-82F2-15E30526A326} = {F6E84DA3-5EDE-4627-B6A8-40EE2A560DE8}
		{5C6694ED-27C6-43B2-9B27-9FDB2FD6F0C3} = {BC620A1B-25A6-43C1-BC3B-B63C6E94F3A3}
		{4B0519AF-D52A-45B0-AD31-2F77CC7D1F1D} = {BC620A1B-25A6-43C1-BC3B-B63C6E94F3A3}
		{75069861-2078-42A6-8EE1-D81EAC181190} = {BC620A1B-25A6-43C1-BC3B-B63C6E94F3A3}
		{49929E01-A23F-4D99-91C4-F7936AE6D24A} = {BC620A1B-25A6-43C1-BC3B-B63C6E94F3A3}
		{94598EC0-1668-4B47-AA8E-A1B1BE8E230B} = {E2455623-F241-4194-8A86-AD0B8F00E031}
		{81D5BEDE-31E7-4FCB-ADD0-6431DDF69737} = {E2455623-F241-4194-8A86-AD0B8F00E031}
		{E34418AD-A82B-4AE9-892C-7DB9CB4742AF} = {E2455623-F241-4194-8A86-AD0B8F00E031}
		{A6BD36F4-9064-46DE-B48C-04E7D7DE4C01} = {E2455623-F241-4194-8A86-AD0B8F00E031}
		{23ACE3C2-51C9-4160-AEE6-EC0B26E5BE7F} = {4764D52F-C01F-4FEA-B90B-D3E434F220D2}
		{B6DEE97D-7668-4897-8C87-BA2C59D22E41} = {4764D52F-C01F-4FEA-B90B-D3E434F220D2}
		{DEE3790F-BCC9-400D-A826-D203F707FA24} = {4764D52F-C01F-4FEA-B90B-D3E434F220D2}
		{77EE0B8F-BF71-489E-9949-944CFFD2C9CF} = {4764D52F-C01F-4FEA-B90B-D3E434F220D2}
		{2456C412-9B7C-4730-9CB6-D04A35DC8DCB} = {4764D52F-C01F-4FEA-B90B-D3E434F220D2}
		{832A4F76-4E66-4F3A-9585-930FC5E1ACF7} = {4764D52F-C01F-4FEA-B90B-D3E434F220D2}
		{A20DAD3A-2D27-4A1B-8279-52C4C0109D68} = {4764D52F-C01F-4FEA-B90B-D3E434F220D2}
		{30B41376-E080-4BF6-9188-DD5D07B0D3D3} = {4764D52F-C01F-4FEA-B90B-D3E434F220D2}
		{FC441378-6AB3-4279-BEA3-91E3C17B6E59} = {4764D52F-C01F-4FEA-B90B-D3E434F220D2}
		{56313361-2B9D-4E85-94DA-2D4DEC9459AC} = {B6DEE97D-7668-4897-8C87-BA2C59D22E41}
		{1222A746-3703-4916-979B-F6F8788589BB} = {B6DEE97D-7668-4897-8C87-BA2C59D22E41}
		{F840BF17-1326-49B9-933A-BB537834B8F3} = {B6DEE97D-7668-4897-8C87-BA2C59D22E41}
		{949F3E6B-DFC0-4092-A327-7D08CF1F2CD3} = {B6DEE97D-7668-4897-8C87-BA2C59D22E41}
		{B7DC64ED-478E-4876-8F8F-04A5161E378E} = {B6DEE97D-7668-4897-8C87-BA2C59D22E41}
		{0BE8AB66-3A9B-494B-9822-A884D64C0BE5} = {B6DEE97D-7668-4897-8C87-BA2C59D22E41}
		{A359F7C9-3075-4023-B78E-4D9F3C1C435D} = {B6DEE97D-7668-4897-8C87-BA2C59D22E41}
		{ACC927AE-155B-4900-A255-8AF0A411D904} = {80480298-425E-4DF0-8B03-CABF8BE20427}
		{960D60F8-A9A1-4E4F-B266-B7E5B6D057F7} = {80480298-425E-4DF0-8B03-CABF8BE20427}
		{DEAF5FB7-578A-418B-B628-8D42C5284C3F} = {80480298-425E-4DF0-8B03-CABF8BE20427}
		{E6467D2F-346B-46F9-AB4C-BD9DD7833D77} = {80480298-425E-4DF0-8B03-CABF8BE20427}
		{4EFA861F-E346-4319-AA2C-64580DF1777E} = {2BB5A5CE-C032-421B-8597-CEED1002B974}
		{7D87F210-F9B6-4B7A-A1EA-CFEAA7A82729} = {2BB5A5CE-C032-421B-8597-CEED1002B974}
		{9F2308E0-8542-45BD-A57A-A67416CA122C} = {2BB5A5CE-C032-421B-8597-CEED1002B974}
	EndGlobalSection
	GlobalSection(SubversionScc) = preSolution
		Svn-Managed = True
		Manager = AnkhSVN - Subversion Support for Visual Studio
	EndGlobalSection
EndGlobal
